// !$*UTF8*$!
{
	archiveVersion = 1;
	classes = {
	};
	objectVersion = 48;
	objects = {

/* Begin PBXBuildFile section */
		980320002136218C0090647A /* EnterFundNameViewModel.swift in Sources */ = {isa = PBXBuildFile; fileRef = 98031FFF2136218C0090647A /* EnterFundNameViewModel.swift */; };
		98032002213627A30090647A /* EnterFundNameViewController.swift in Sources */ = {isa = PBXBuildFile; fileRef = 98032001213627A30090647A /* EnterFundNameViewController.swift */; };
		9805770421062B9D0006821E /* CreateFundFormViewController.swift in Sources */ = {isa = PBXBuildFile; fileRef = 9805770321062B9D0006821E /* CreateFundFormViewController.swift */; };
		9805770621062BAA0006821E /* CreateFundFormViewModel.swift in Sources */ = {isa = PBXBuildFile; fileRef = 9805770521062BAA0006821E /* CreateFundFormViewModel.swift */; };
		98057708210666300006821E /* Date+Ext.swift in Sources */ = {isa = PBXBuildFile; fileRef = 98057707210666300006821E /* Date+Ext.swift */; };
		9805770A21067B760006821E /* CurrencyTextField.swift in Sources */ = {isa = PBXBuildFile; fileRef = 9805770921067B760006821E /* CurrencyTextField.swift */; };
		9806644E20DD3CD100951DBD /* Fund.swift in Sources */ = {isa = PBXBuildFile; fileRef = 9806644D20DD3CD100951DBD /* Fund.swift */; };
		9806645120DD5A5400951DBD /* CreateFundRouter.swift in Sources */ = {isa = PBXBuildFile; fileRef = 9806645020DD5A5400951DBD /* CreateFundRouter.swift */; };
		9806645420DD5BD700951DBD /* PhoneEntryViewController.swift in Sources */ = {isa = PBXBuildFile; fileRef = 9806645320DD5BD700951DBD /* PhoneEntryViewController.swift */; };
		9806645620DD5BE500951DBD /* PhoneEntryViewModel.swift in Sources */ = {isa = PBXBuildFile; fileRef = 9806645520DD5BE500951DBD /* PhoneEntryViewModel.swift */; };
		9806645920DD6E8800951DBD /* TapPageViewController.swift in Sources */ = {isa = PBXBuildFile; fileRef = 9806645820DD6E8800951DBD /* TapPageViewController.swift */; };
		9806645D20DD6EB100951DBD /* CustomPageViewController.swift in Sources */ = {isa = PBXBuildFile; fileRef = 9806645C20DD6EB100951DBD /* CustomPageViewController.swift */; };
		9806645F20DD73B400951DBD /* CustomStackView.swift in Sources */ = {isa = PBXBuildFile; fileRef = 9806645E20DD73B400951DBD /* CustomStackView.swift */; };
		9806646320DD740800951DBD /* TabBarView.swift in Sources */ = {isa = PBXBuildFile; fileRef = 9806646220DD740800951DBD /* TabBarView.swift */; };
		9806646820DD76FD00951DBD /* FundListViewController.swift in Sources */ = {isa = PBXBuildFile; fileRef = 9806646720DD76FD00951DBD /* FundListViewController.swift */; };
		9806646A20DD778500951DBD /* FundListViewModel.swift in Sources */ = {isa = PBXBuildFile; fileRef = 9806646920DD778500951DBD /* FundListViewModel.swift */; };
		9806646D20DD7CA400951DBD /* MarketViewController.swift in Sources */ = {isa = PBXBuildFile; fileRef = 9806646C20DD7CA400951DBD /* MarketViewController.swift */; };
		9806646F20DD7E2D00951DBD /* HomeRouter.swift in Sources */ = {isa = PBXBuildFile; fileRef = 9806646E20DD7E2D00951DBD /* HomeRouter.swift */; };
		9809890020E316FD00C32BE0 /* MarketViewModel.swift in Sources */ = {isa = PBXBuildFile; fileRef = 980988FF20E316FD00C32BE0 /* MarketViewModel.swift */; };
		9809890220E3173A00C32BE0 /* StockService.swift in Sources */ = {isa = PBXBuildFile; fileRef = 9809890120E3173A00C32BE0 /* StockService.swift */; };
		981FA9FF20F43046005F2C22 /* FundInfoHeaderView.swift in Sources */ = {isa = PBXBuildFile; fileRef = 981FA9FE20F43046005F2C22 /* FundInfoHeaderView.swift */; };
		981FAA0220F43CDC005F2C22 /* StockPurchaseInfoViewController.swift in Sources */ = {isa = PBXBuildFile; fileRef = 981FAA0120F43CDC005F2C22 /* StockPurchaseInfoViewController.swift */; };
		981FAA0420F43CEA005F2C22 /* StockPurchaseInfoViewModel.swift in Sources */ = {isa = PBXBuildFile; fileRef = 981FAA0320F43CEA005F2C22 /* StockPurchaseInfoViewModel.swift */; };
		981FAA0620F43D93005F2C22 /* TitleTextFieldView.swift in Sources */ = {isa = PBXBuildFile; fileRef = 981FAA0520F43D93005F2C22 /* TitleTextFieldView.swift */; };
		9826B46E210A131E00E29902 /* FundSummaryTableCell.swift in Sources */ = {isa = PBXBuildFile; fileRef = 9826B46D210A131E00E29902 /* FundSummaryTableCell.swift */; };
		9826B470210A257800E29902 /* StockSearchTableCell.swift in Sources */ = {isa = PBXBuildFile; fileRef = 9826B46F210A257800E29902 /* StockSearchTableCell.swift */; };
		9826B472210A58A700E29902 /* PositionSummaryTableCell.swift in Sources */ = {isa = PBXBuildFile; fileRef = 9826B471210A58A700E29902 /* PositionSummaryTableCell.swift */; };
		982AC28521250E9000E1C66F /* SelectFundTableCell.swift in Sources */ = {isa = PBXBuildFile; fileRef = 982AC28421250E9000E1C66F /* SelectFundTableCell.swift */; };
		98300A0120D1ED3C00D7C4BA /* AppDelegate.swift in Sources */ = {isa = PBXBuildFile; fileRef = 98300A0020D1ED3C00D7C4BA /* AppDelegate.swift */; };
		98300A0820D1ED3C00D7C4BA /* Assets.xcassets in Resources */ = {isa = PBXBuildFile; fileRef = 98300A0720D1ED3C00D7C4BA /* Assets.xcassets */; };
		98300A0B20D1ED3C00D7C4BA /* LaunchScreen.storyboard in Resources */ = {isa = PBXBuildFile; fileRef = 98300A0920D1ED3C00D7C4BA /* LaunchScreen.storyboard */; };
		98300A1620D1ED3C00D7C4BA /* double_dateTests.swift in Sources */ = {isa = PBXBuildFile; fileRef = 98300A1520D1ED3C00D7C4BA /* double_dateTests.swift */; };
		98300A2120D1ED3C00D7C4BA /* double_dateUITests.swift in Sources */ = {isa = PBXBuildFile; fileRef = 98300A2020D1ED3C00D7C4BA /* double_dateUITests.swift */; };
		98300A2F20D1EDB000D7C4BA /* User.swift in Sources */ = {isa = PBXBuildFile; fileRef = 98300A2E20D1EDB000D7C4BA /* User.swift */; };
		98300A3320D1F01500D7C4BA /* Secrets.swift in Sources */ = {isa = PBXBuildFile; fileRef = 98300A3220D1F01500D7C4BA /* Secrets.swift */; };
		98300A3520D1F1A700D7C4BA /* UserService.swift in Sources */ = {isa = PBXBuildFile; fileRef = 98300A3420D1F1A700D7C4BA /* UserService.swift */; };
		98300A3A20D1F57B00D7C4BA /* BindableType.swift in Sources */ = {isa = PBXBuildFile; fileRef = 98300A3920D1F57B00D7C4BA /* BindableType.swift */; };
		98300A3E20D1F5B700D7C4BA /* NotificationName+Ext.swift in Sources */ = {isa = PBXBuildFile; fileRef = 98300A3C20D1F5B700D7C4BA /* NotificationName+Ext.swift */; };
		98300A3F20D1F5B700D7C4BA /* CustomNavViewable.swift in Sources */ = {isa = PBXBuildFile; fileRef = 98300A3D20D1F5B700D7C4BA /* CustomNavViewable.swift */; };
		98300A4120D1F63F00D7C4BA /* ConstraintMaker+Ext.swift in Sources */ = {isa = PBXBuildFile; fileRef = 98300A4020D1F63F00D7C4BA /* ConstraintMaker+Ext.swift */; };
		98300A4920D1F64B00D7C4BA /* UIDevice+Ext.swift in Sources */ = {isa = PBXBuildFile; fileRef = 98300A4220D1F64A00D7C4BA /* UIDevice+Ext.swift */; };
		98300A4A20D1F64B00D7C4BA /* String+Ext.swift in Sources */ = {isa = PBXBuildFile; fileRef = 98300A4320D1F64A00D7C4BA /* String+Ext.swift */; };
		98300A4B20D1F64B00D7C4BA /* UIView+Ext.swift in Sources */ = {isa = PBXBuildFile; fileRef = 98300A4420D1F64A00D7C4BA /* UIView+Ext.swift */; };
		98300A4C20D1F64B00D7C4BA /* UIViewController+Ext.swift in Sources */ = {isa = PBXBuildFile; fileRef = 98300A4520D1F64A00D7C4BA /* UIViewController+Ext.swift */; };
		98300A4D20D1F64B00D7C4BA /* UITextView+Ext.swift in Sources */ = {isa = PBXBuildFile; fileRef = 98300A4620D1F64B00D7C4BA /* UITextView+Ext.swift */; };
		98300A4E20D1F64B00D7C4BA /* UITextField+Ext.swift in Sources */ = {isa = PBXBuildFile; fileRef = 98300A4720D1F64B00D7C4BA /* UITextField+Ext.swift */; };
		98300A4F20D1F64B00D7C4BA /* UIStackView+Ext.swift in Sources */ = {isa = PBXBuildFile; fileRef = 98300A4820D1F64B00D7C4BA /* UIStackView+Ext.swift */; };
		98300A5220D1F69300D7C4BA /* KeyboardAvoidable.swift in Sources */ = {isa = PBXBuildFile; fileRef = 98300A5120D1F69300D7C4BA /* KeyboardAvoidable.swift */; };
		98300A5420D1F6B800D7C4BA /* Observable+Ext.swift in Sources */ = {isa = PBXBuildFile; fileRef = 98300A5320D1F6B800D7C4BA /* Observable+Ext.swift */; };
		98300A5720D1F6FB00D7C4BA /* ActivityIndicator.swift in Sources */ = {isa = PBXBuildFile; fileRef = 98300A5620D1F6FB00D7C4BA /* ActivityIndicator.swift */; };
		98300A5920D1F70E00D7C4BA /* ErrorTracker.swift in Sources */ = {isa = PBXBuildFile; fileRef = 98300A5820D1F70E00D7C4BA /* ErrorTracker.swift */; };
		98300A5B20D1F72900D7C4BA /* FontBook.swift in Sources */ = {isa = PBXBuildFile; fileRef = 98300A5A20D1F72900D7C4BA /* FontBook.swift */; };
		98300A5D20D1F73E00D7C4BA /* Palette.swift in Sources */ = {isa = PBXBuildFile; fileRef = 98300A5C20D1F73E00D7C4BA /* Palette.swift */; };
		98300A5F20D1F77800D7C4BA /* AppController.swift in Sources */ = {isa = PBXBuildFile; fileRef = 98300A5E20D1F77800D7C4BA /* AppController.swift */; };
		98300A6620D1FEEE00D7C4BA /* InitialViewController.swift in Sources */ = {isa = PBXBuildFile; fileRef = 98300A6520D1FEEE00D7C4BA /* InitialViewController.swift */; };
		98300A6A20D1FF4C00D7C4BA /* InitialViewModel.swift in Sources */ = {isa = PBXBuildFile; fileRef = 98300A6920D1FF4C00D7C4BA /* InitialViewModel.swift */; };
		98300A6E20D2042900D7C4BA /* UIButton+Ext.swift in Sources */ = {isa = PBXBuildFile; fileRef = 98300A6D20D2042900D7C4BA /* UIButton+Ext.swift */; };
		98300A7020D20F1F00D7C4BA /* Routable.swift in Sources */ = {isa = PBXBuildFile; fileRef = 98300A6F20D20F1F00D7C4BA /* Routable.swift */; };
		9831E77020E950BA00FFBB3D /* PositionService.swift in Sources */ = {isa = PBXBuildFile; fileRef = 9831E76F20E950BA00FFBB3D /* PositionService.swift */; };
		9834950720EC6647003AEC8B /* PortfolioListViewController.swift in Sources */ = {isa = PBXBuildFile; fileRef = 9834950620EC6647003AEC8B /* PortfolioListViewController.swift */; };
		9834950920EC6653003AEC8B /* PortfolioListViewModel.swift in Sources */ = {isa = PBXBuildFile; fileRef = 9834950820EC6653003AEC8B /* PortfolioListViewModel.swift */; };
		9834950B20EC66B6003AEC8B /* PortfolioService.swift in Sources */ = {isa = PBXBuildFile; fileRef = 9834950A20EC66B6003AEC8B /* PortfolioService.swift */; };
		9834950D20EC71FD003AEC8B /* FundInfoTabViewController.swift in Sources */ = {isa = PBXBuildFile; fileRef = 9834950C20EC71FD003AEC8B /* FundInfoTabViewController.swift */; };
		9852F97620FC0DD3009E4A9A /* InvitationsListViewController.swift in Sources */ = {isa = PBXBuildFile; fileRef = 9852F97520FC0DD3009E4A9A /* InvitationsListViewController.swift */; };
		9852F97820FC0DE1009E4A9A /* InvitationsListViewModel.swift in Sources */ = {isa = PBXBuildFile; fileRef = 9852F97720FC0DE1009E4A9A /* InvitationsListViewModel.swift */; };
		9852F97A20FC0E34009E4A9A /* InvitationService.swift in Sources */ = {isa = PBXBuildFile; fileRef = 9852F97920FC0E34009E4A9A /* InvitationService.swift */; };
		986AE2DC20DDD59700A78E42 /* SelectContactsViewController.swift in Sources */ = {isa = PBXBuildFile; fileRef = 986AE2DB20DDD59700A78E42 /* SelectContactsViewController.swift */; };
		986AE2DE20DDD5A600A78E42 /* SelectContactsViewModel.swift in Sources */ = {isa = PBXBuildFile; fileRef = 986AE2DD20DDD5A600A78E42 /* SelectContactsViewModel.swift */; };
		986AE2E020DDD5C700A78E42 /* MultipleSelectionFilterDataSource.swift in Sources */ = {isa = PBXBuildFile; fileRef = 986AE2DF20DDD5C700A78E42 /* MultipleSelectionFilterDataSource.swift */; };
		986AE2E220DDD68300A78E42 /* ValueCellDataSource.swift in Sources */ = {isa = PBXBuildFile; fileRef = 986AE2E120DDD68300A78E42 /* ValueCellDataSource.swift */; };
		986AE2E420DDD6E700A78E42 /* ContactsStore.swift in Sources */ = {isa = PBXBuildFile; fileRef = 986AE2E320DDD6E700A78E42 /* ContactsStore.swift */; };
		986AE2E620DDD70E00A78E42 /* Contact.swift in Sources */ = {isa = PBXBuildFile; fileRef = 986AE2E520DDD70E00A78E42 /* Contact.swift */; };
		986AE2E820DDD7BC00A78E42 /* SearchBarView.swift in Sources */ = {isa = PBXBuildFile; fileRef = 986AE2E720DDD7BC00A78E42 /* SearchBarView.swift */; };
		986AE2EA20DDD85E00A78E42 /* EmptyView.swift in Sources */ = {isa = PBXBuildFile; fileRef = 986AE2E920DDD85E00A78E42 /* EmptyView.swift */; };
		986AE2EC20DDD90500A78E42 /* TitleView.swift in Sources */ = {isa = PBXBuildFile; fileRef = 986AE2EB20DDD90500A78E42 /* TitleView.swift */; };
		986AE2EE20DDD94E00A78E42 /* UserContactTableCell.swift in Sources */ = {isa = PBXBuildFile; fileRef = 986AE2ED20DDD94E00A78E42 /* UserContactTableCell.swift */; };
		986AE2F020DDDC9400A78E42 /* ImageLabelSublabelView.swift in Sources */ = {isa = PBXBuildFile; fileRef = 986AE2EF20DDDC9400A78E42 /* ImageLabelSublabelView.swift */; };
		986B6DEA20E4637E002BF93C /* Cache.swift in Sources */ = {isa = PBXBuildFile; fileRef = 986B6DE920E4637E002BF93C /* Cache.swift */; };
		986B6DED20E46F58002BF93C /* StockDetailViewController.swift in Sources */ = {isa = PBXBuildFile; fileRef = 986B6DEC20E46F58002BF93C /* StockDetailViewController.swift */; };
		986B6DEF20E46F63002BF93C /* StockDetailViewModel.swift in Sources */ = {isa = PBXBuildFile; fileRef = 986B6DEE20E46F63002BF93C /* StockDetailViewModel.swift */; };
		986B6DF120E47C67002BF93C /* FundTableCell.swift in Sources */ = {isa = PBXBuildFile; fileRef = 986B6DF020E47C67002BF93C /* FundTableCell.swift */; };
		986B6DF320E47EA0002BF93C /* StockSelectionRouter.swift in Sources */ = {isa = PBXBuildFile; fileRef = 986B6DF220E47EA0002BF93C /* StockSelectionRouter.swift */; };
		987D54C121050A34007B3C53 /* FundDetailsMultipleSectionModel.swift in Sources */ = {isa = PBXBuildFile; fileRef = 987D54C021050A34007B3C53 /* FundDetailsMultipleSectionModel.swift */; };
		987D54C3210510B7007B3C53 /* DatePickerTableCell.swift in Sources */ = {isa = PBXBuildFile; fileRef = 987D54C2210510B7007B3C53 /* DatePickerTableCell.swift */; };
		987D54C6210542DA007B3C53 /* DateSelectionViewController.swift in Sources */ = {isa = PBXBuildFile; fileRef = 987D54C5210542DA007B3C53 /* DateSelectionViewController.swift */; };
		987D54C8210542E7007B3C53 /* DateSelectionViewModel.swift in Sources */ = {isa = PBXBuildFile; fileRef = 987D54C7210542E7007B3C53 /* DateSelectionViewModel.swift */; };
		987F4A4E210232BC000F25C2 /* EnableNotificationsViewController.swift in Sources */ = {isa = PBXBuildFile; fileRef = 987F4A4D210232BC000F25C2 /* EnableNotificationsViewController.swift */; };
		987F4A50210232CB000F25C2 /* EnableNotificationsViewModel.swift in Sources */ = {isa = PBXBuildFile; fileRef = 987F4A4F210232CB000F25C2 /* EnableNotificationsViewModel.swift */; };
		988F318A20E17B6000084676 /* AlertViewController.swift in Sources */ = {isa = PBXBuildFile; fileRef = 988F318920E17B6000084676 /* AlertViewController.swift */; };
		989963D520D3EB2800AD9F9F /* UserListViewModel.swift in Sources */ = {isa = PBXBuildFile; fileRef = 989963D420D3EB2800AD9F9F /* UserListViewModel.swift */; };
		989963D720D3EB3500AD9F9F /* UserListViewController.swift in Sources */ = {isa = PBXBuildFile; fileRef = 989963D620D3EB3500AD9F9F /* UserListViewController.swift */; };
		989963D920D412C300AD9F9F /* NetworkActivityLogger.swift in Sources */ = {isa = PBXBuildFile; fileRef = 989963D820D412C300AD9F9F /* NetworkActivityLogger.swift */; };
		9899D6072108DEFD00939353 /* PageIndicatorView.swift in Sources */ = {isa = PBXBuildFile; fileRef = 9899D6062108DEFD00939353 /* PageIndicatorView.swift */; };
		9899D6092108E4E700939353 /* PageIndicatable.swift in Sources */ = {isa = PBXBuildFile; fileRef = 9899D6082108E4E700939353 /* PageIndicatable.swift */; };
		98A51DEB2131BAA000BAFA41 /* FundsListMultipleSectionViewModel.swift in Sources */ = {isa = PBXBuildFile; fileRef = 98A51DEA2131BAA000BAFA41 /* FundsListMultipleSectionViewModel.swift */; };
		98A8467F2100DA6C008535A6 /* StockDetailMultipleSectionModel.swift in Sources */ = {isa = PBXBuildFile; fileRef = 98A8467E2100DA6C008535A6 /* StockDetailMultipleSectionModel.swift */; };
		98A846812100F095008535A6 /* StockChartView.swift in Sources */ = {isa = PBXBuildFile; fileRef = 98A846802100F095008535A6 /* StockChartView.swift */; };
		98B8B78420D303D4004BD6A1 /* SignupViewController.swift in Sources */ = {isa = PBXBuildFile; fileRef = 98B8B78320D303D4004BD6A1 /* SignupViewController.swift */; };
		98B8B78820D30D9E004BD6A1 /* Network.swift in Sources */ = {isa = PBXBuildFile; fileRef = 98B8B78720D30D9E004BD6A1 /* Network.swift */; };
		98C06E6E20DB3BD400426EEC /* FundDetailsViewModel.swift in Sources */ = {isa = PBXBuildFile; fileRef = 98C06E6D20DB3BD400426EEC /* FundDetailsViewModel.swift */; };
		98C06E7020DB401A00426EEC /* FundDetailsViewController.swift in Sources */ = {isa = PBXBuildFile; fileRef = 98C06E6F20DB401A00426EEC /* FundDetailsViewController.swift */; };
		98C06E7320DB46A300426EEC /* TextFieldTableCell.swift in Sources */ = {isa = PBXBuildFile; fileRef = 98C06E7220DB46A300426EEC /* TextFieldTableCell.swift */; };
		98CE67A621114AE600AFEBF1 /* EmptyLabelsView.swift in Sources */ = {isa = PBXBuildFile; fileRef = 98CE67A521114AE600AFEBF1 /* EmptyLabelsView.swift */; };
		98CF487E20E6AB5800C426DB /* SelectFundViewController.swift in Sources */ = {isa = PBXBuildFile; fileRef = 98CF487D20E6AB5800C426DB /* SelectFundViewController.swift */; };
		98CF488020E6AB6900C426DB /* SelectFundViewModel.swift in Sources */ = {isa = PBXBuildFile; fileRef = 98CF487F20E6AB6900C426DB /* SelectFundViewModel.swift */; };
		98D14ECE20EDA1FB0097AC69 /* PositionsListViewController.swift in Sources */ = {isa = PBXBuildFile; fileRef = 98D14ECD20EDA1FB0097AC69 /* PositionsListViewController.swift */; };
		98D14ED020EDA2070097AC69 /* PositionsListViewModel.swift in Sources */ = {isa = PBXBuildFile; fileRef = 98D14ECF20EDA2070097AC69 /* PositionsListViewModel.swift */; };
		98D17AC021134891000646E5 /* OnboardViewController.swift in Sources */ = {isa = PBXBuildFile; fileRef = 98D17ABF21134891000646E5 /* OnboardViewController.swift */; };
		98D17AC22113A20B000646E5 /* SettingsViewController.swift in Sources */ = {isa = PBXBuildFile; fileRef = 98D17AC12113A20B000646E5 /* SettingsViewController.swift */; };
		98D17AC42113A25C000646E5 /* SettingsOptionTableCell.swift in Sources */ = {isa = PBXBuildFile; fileRef = 98D17AC32113A25C000646E5 /* SettingsOptionTableCell.swift */; };
		98D4FD4D211252B60083769C /* ProfileHeaderView.swift in Sources */ = {isa = PBXBuildFile; fileRef = 98D4FD4C211252B60083769C /* ProfileHeaderView.swift */; };
		98DCE82E210F621F00106F2D /* PositionListMultipleSectionModel.swift in Sources */ = {isa = PBXBuildFile; fileRef = 98DCE82D210F621F00106F2D /* PositionListMultipleSectionModel.swift */; };
		98DCE830210F676600106F2D /* InvitationTableCell.swift in Sources */ = {isa = PBXBuildFile; fileRef = 98DCE82F210F676600106F2D /* InvitationTableCell.swift */; };
		98DCE832210FB81D00106F2D /* LeaderBoardTableCell.swift in Sources */ = {isa = PBXBuildFile; fileRef = 98DCE831210FB81D00106F2D /* LeaderBoardTableCell.swift */; };
		98E3A81B211286D600C8E3FC /* InfiniteScrollView.swift in Sources */ = {isa = PBXBuildFile; fileRef = 98E3A81A211286D600C8E3FC /* InfiniteScrollView.swift */; };
		98E9B30220FA4CDB00CF44DE /* TwilioService.swift in Sources */ = {isa = PBXBuildFile; fileRef = 98E9B30120FA4CDB00CF44DE /* TwilioService.swift */; };
		98E9B30420FA4F1700CF44DE /* TwilioPhoneResponse.swift in Sources */ = {isa = PBXBuildFile; fileRef = 98E9B30320FA4F1700CF44DE /* TwilioPhoneResponse.swift */; };
		98E9B30720FA55C000CF44DE /* PhoneVerificationViewModel.swift in Sources */ = {isa = PBXBuildFile; fileRef = 98E9B30620FA55C000CF44DE /* PhoneVerificationViewModel.swift */; };
		98E9B30920FA58CF00CF44DE /* PhoneVerificationViewController.swift in Sources */ = {isa = PBXBuildFile; fileRef = 98E9B30820FA58CF00CF44DE /* PhoneVerificationViewController.swift */; };
		98F77F2620D5921E005F4B66 /* OnboardingRouter.swift in Sources */ = {isa = PBXBuildFile; fileRef = 98F77F2520D5921E005F4B66 /* OnboardingRouter.swift */; };
		98F77F2A20D59314005F4B66 /* StyledTextField.swift in Sources */ = {isa = PBXBuildFile; fileRef = 98F77F2920D59314005F4B66 /* StyledTextField.swift */; };
		98F77F2C20D5936C005F4B66 /* EnterNameViewModel.swift in Sources */ = {isa = PBXBuildFile; fileRef = 98F77F2B20D5936C005F4B66 /* EnterNameViewModel.swift */; };
		98F77F2E20D59475005F4B66 /* ButtonLabel.swift in Sources */ = {isa = PBXBuildFile; fileRef = 98F77F2D20D59475005F4B66 /* ButtonLabel.swift */; };
		98F77F3020D59497005F4B66 /* EnterNameViewController.swift in Sources */ = {isa = PBXBuildFile; fileRef = 98F77F2F20D59497005F4B66 /* EnterNameViewController.swift */; };
		98F77F3220D59571005F4B66 /* BackButtonNavView.swift in Sources */ = {isa = PBXBuildFile; fileRef = 98F77F3120D59571005F4B66 /* BackButtonNavView.swift */; };
		98FA5C9720E01FFB00FA4818 /* Keychain.swift in Sources */ = {isa = PBXBuildFile; fileRef = 98FA5C9620E01FFB00FA4818 /* Keychain.swift */; };
		98FA5C9A20E0436500FA4818 /* ProfileViewController.swift in Sources */ = {isa = PBXBuildFile; fileRef = 98FA5C9920E0436500FA4818 /* ProfileViewController.swift */; };
		98FA5C9C20E0437000FA4818 /* ProfileViewModel.swift in Sources */ = {isa = PBXBuildFile; fileRef = 98FA5C9B20E0437000FA4818 /* ProfileViewModel.swift */; };
		98FA5CA020E059BD00FA4818 /* FundService.swift in Sources */ = {isa = PBXBuildFile; fileRef = 98FA5C9F20E059BD00FA4818 /* FundService.swift */; };
		F2C4933BEDC11436495EE52E /* libPods-double-date.a in Frameworks */ = {isa = PBXBuildFile; fileRef = F068FD1222170AB1E2442072 /* libPods-double-date.a */; };
/* End PBXBuildFile section */

/* Begin PBXContainerItemProxy section */
		98300A1220D1ED3C00D7C4BA /* PBXContainerItemProxy */ = {
			isa = PBXContainerItemProxy;
			containerPortal = 983009F520D1ED3C00D7C4BA /* Project object */;
			proxyType = 1;
			remoteGlobalIDString = 983009FC20D1ED3C00D7C4BA;
			remoteInfo = "double-date";
		};
		98300A1D20D1ED3C00D7C4BA /* PBXContainerItemProxy */ = {
			isa = PBXContainerItemProxy;
			containerPortal = 983009F520D1ED3C00D7C4BA /* Project object */;
			proxyType = 1;
			remoteGlobalIDString = 983009FC20D1ED3C00D7C4BA;
			remoteInfo = "double-date";
		};
/* End PBXContainerItemProxy section */

/* Begin PBXFileReference section */
		98031FFF2136218C0090647A /* EnterFundNameViewModel.swift */ = {isa = PBXFileReference; lastKnownFileType = sourcecode.swift; path = EnterFundNameViewModel.swift; sourceTree = "<group>"; };
		98032001213627A30090647A /* EnterFundNameViewController.swift */ = {isa = PBXFileReference; lastKnownFileType = sourcecode.swift; path = EnterFundNameViewController.swift; sourceTree = "<group>"; };
		9805770321062B9D0006821E /* CreateFundFormViewController.swift */ = {isa = PBXFileReference; lastKnownFileType = sourcecode.swift; path = CreateFundFormViewController.swift; sourceTree = "<group>"; };
		9805770521062BAA0006821E /* CreateFundFormViewModel.swift */ = {isa = PBXFileReference; lastKnownFileType = sourcecode.swift; path = CreateFundFormViewModel.swift; sourceTree = "<group>"; };
		98057707210666300006821E /* Date+Ext.swift */ = {isa = PBXFileReference; lastKnownFileType = sourcecode.swift; path = "Date+Ext.swift"; sourceTree = "<group>"; };
		9805770921067B760006821E /* CurrencyTextField.swift */ = {isa = PBXFileReference; lastKnownFileType = sourcecode.swift; path = CurrencyTextField.swift; sourceTree = "<group>"; };
		9806644D20DD3CD100951DBD /* Fund.swift */ = {isa = PBXFileReference; lastKnownFileType = sourcecode.swift; path = Fund.swift; sourceTree = "<group>"; };
		9806645020DD5A5400951DBD /* CreateFundRouter.swift */ = {isa = PBXFileReference; lastKnownFileType = sourcecode.swift; path = CreateFundRouter.swift; sourceTree = "<group>"; };
		9806645320DD5BD700951DBD /* PhoneEntryViewController.swift */ = {isa = PBXFileReference; lastKnownFileType = sourcecode.swift; path = PhoneEntryViewController.swift; sourceTree = "<group>"; };
		9806645520DD5BE500951DBD /* PhoneEntryViewModel.swift */ = {isa = PBXFileReference; lastKnownFileType = sourcecode.swift; path = PhoneEntryViewModel.swift; sourceTree = "<group>"; };
		9806645820DD6E8800951DBD /* TapPageViewController.swift */ = {isa = PBXFileReference; lastKnownFileType = sourcecode.swift; path = TapPageViewController.swift; sourceTree = "<group>"; };
		9806645C20DD6EB100951DBD /* CustomPageViewController.swift */ = {isa = PBXFileReference; lastKnownFileType = sourcecode.swift; path = CustomPageViewController.swift; sourceTree = "<group>"; };
		9806645E20DD73B400951DBD /* CustomStackView.swift */ = {isa = PBXFileReference; lastKnownFileType = sourcecode.swift; path = CustomStackView.swift; sourceTree = "<group>"; };
		9806646220DD740800951DBD /* TabBarView.swift */ = {isa = PBXFileReference; lastKnownFileType = sourcecode.swift; path = TabBarView.swift; sourceTree = "<group>"; };
		9806646720DD76FD00951DBD /* FundListViewController.swift */ = {isa = PBXFileReference; lastKnownFileType = sourcecode.swift; path = FundListViewController.swift; sourceTree = "<group>"; };
		9806646920DD778500951DBD /* FundListViewModel.swift */ = {isa = PBXFileReference; lastKnownFileType = sourcecode.swift; path = FundListViewModel.swift; sourceTree = "<group>"; };
		9806646C20DD7CA400951DBD /* MarketViewController.swift */ = {isa = PBXFileReference; lastKnownFileType = sourcecode.swift; path = MarketViewController.swift; sourceTree = "<group>"; };
		9806646E20DD7E2D00951DBD /* HomeRouter.swift */ = {isa = PBXFileReference; lastKnownFileType = sourcecode.swift; path = HomeRouter.swift; sourceTree = "<group>"; };
		980988FF20E316FD00C32BE0 /* MarketViewModel.swift */ = {isa = PBXFileReference; lastKnownFileType = sourcecode.swift; path = MarketViewModel.swift; sourceTree = "<group>"; };
		9809890120E3173A00C32BE0 /* StockService.swift */ = {isa = PBXFileReference; lastKnownFileType = sourcecode.swift; path = StockService.swift; sourceTree = "<group>"; };
		981FA9FE20F43046005F2C22 /* FundInfoHeaderView.swift */ = {isa = PBXFileReference; lastKnownFileType = sourcecode.swift; path = FundInfoHeaderView.swift; sourceTree = "<group>"; };
		981FAA0120F43CDC005F2C22 /* StockPurchaseInfoViewController.swift */ = {isa = PBXFileReference; lastKnownFileType = sourcecode.swift; path = StockPurchaseInfoViewController.swift; sourceTree = "<group>"; };
		981FAA0320F43CEA005F2C22 /* StockPurchaseInfoViewModel.swift */ = {isa = PBXFileReference; lastKnownFileType = sourcecode.swift; path = StockPurchaseInfoViewModel.swift; sourceTree = "<group>"; };
		981FAA0520F43D93005F2C22 /* TitleTextFieldView.swift */ = {isa = PBXFileReference; lastKnownFileType = sourcecode.swift; path = TitleTextFieldView.swift; sourceTree = "<group>"; };
		9826B46D210A131E00E29902 /* FundSummaryTableCell.swift */ = {isa = PBXFileReference; lastKnownFileType = sourcecode.swift; path = FundSummaryTableCell.swift; sourceTree = "<group>"; };
		9826B46F210A257800E29902 /* StockSearchTableCell.swift */ = {isa = PBXFileReference; lastKnownFileType = sourcecode.swift; path = StockSearchTableCell.swift; sourceTree = "<group>"; };
		9826B471210A58A700E29902 /* PositionSummaryTableCell.swift */ = {isa = PBXFileReference; lastKnownFileType = sourcecode.swift; path = PositionSummaryTableCell.swift; sourceTree = "<group>"; };
		982AC28421250E9000E1C66F /* SelectFundTableCell.swift */ = {isa = PBXFileReference; lastKnownFileType = sourcecode.swift; path = SelectFundTableCell.swift; sourceTree = "<group>"; };
		983009FD20D1ED3C00D7C4BA /* double-date.app */ = {isa = PBXFileReference; explicitFileType = wrapper.application; includeInIndex = 0; path = "double-date.app"; sourceTree = BUILT_PRODUCTS_DIR; };
		98300A0020D1ED3C00D7C4BA /* AppDelegate.swift */ = {isa = PBXFileReference; lastKnownFileType = sourcecode.swift; path = AppDelegate.swift; sourceTree = "<group>"; };
		98300A0720D1ED3C00D7C4BA /* Assets.xcassets */ = {isa = PBXFileReference; lastKnownFileType = folder.assetcatalog; path = Assets.xcassets; sourceTree = "<group>"; };
		98300A0A20D1ED3C00D7C4BA /* Base */ = {isa = PBXFileReference; lastKnownFileType = file.storyboard; name = Base; path = Base.lproj/LaunchScreen.storyboard; sourceTree = "<group>"; };
		98300A0C20D1ED3C00D7C4BA /* Info.plist */ = {isa = PBXFileReference; lastKnownFileType = text.plist.xml; path = Info.plist; sourceTree = "<group>"; };
		98300A1120D1ED3C00D7C4BA /* double-dateTests.xctest */ = {isa = PBXFileReference; explicitFileType = wrapper.cfbundle; includeInIndex = 0; path = "double-dateTests.xctest"; sourceTree = BUILT_PRODUCTS_DIR; };
		98300A1520D1ED3C00D7C4BA /* double_dateTests.swift */ = {isa = PBXFileReference; lastKnownFileType = sourcecode.swift; path = double_dateTests.swift; sourceTree = "<group>"; };
		98300A1720D1ED3C00D7C4BA /* Info.plist */ = {isa = PBXFileReference; lastKnownFileType = text.plist.xml; path = Info.plist; sourceTree = "<group>"; };
		98300A1C20D1ED3C00D7C4BA /* double-dateUITests.xctest */ = {isa = PBXFileReference; explicitFileType = wrapper.cfbundle; includeInIndex = 0; path = "double-dateUITests.xctest"; sourceTree = BUILT_PRODUCTS_DIR; };
		98300A2020D1ED3C00D7C4BA /* double_dateUITests.swift */ = {isa = PBXFileReference; lastKnownFileType = sourcecode.swift; path = double_dateUITests.swift; sourceTree = "<group>"; };
		98300A2220D1ED3C00D7C4BA /* Info.plist */ = {isa = PBXFileReference; lastKnownFileType = text.plist.xml; path = Info.plist; sourceTree = "<group>"; };
		98300A2E20D1EDB000D7C4BA /* User.swift */ = {isa = PBXFileReference; lastKnownFileType = sourcecode.swift; path = User.swift; sourceTree = "<group>"; };
		98300A3220D1F01500D7C4BA /* Secrets.swift */ = {isa = PBXFileReference; lastKnownFileType = sourcecode.swift; path = Secrets.swift; sourceTree = "<group>"; };
		98300A3420D1F1A700D7C4BA /* UserService.swift */ = {isa = PBXFileReference; lastKnownFileType = sourcecode.swift; path = UserService.swift; sourceTree = "<group>"; };
		98300A3920D1F57B00D7C4BA /* BindableType.swift */ = {isa = PBXFileReference; fileEncoding = 4; lastKnownFileType = sourcecode.swift; path = BindableType.swift; sourceTree = "<group>"; };
		98300A3C20D1F5B700D7C4BA /* NotificationName+Ext.swift */ = {isa = PBXFileReference; fileEncoding = 4; lastKnownFileType = sourcecode.swift; path = "NotificationName+Ext.swift"; sourceTree = "<group>"; };
		98300A3D20D1F5B700D7C4BA /* CustomNavViewable.swift */ = {isa = PBXFileReference; fileEncoding = 4; lastKnownFileType = sourcecode.swift; path = CustomNavViewable.swift; sourceTree = "<group>"; };
		98300A4020D1F63F00D7C4BA /* ConstraintMaker+Ext.swift */ = {isa = PBXFileReference; fileEncoding = 4; lastKnownFileType = sourcecode.swift; path = "ConstraintMaker+Ext.swift"; sourceTree = "<group>"; };
		98300A4220D1F64A00D7C4BA /* UIDevice+Ext.swift */ = {isa = PBXFileReference; fileEncoding = 4; lastKnownFileType = sourcecode.swift; path = "UIDevice+Ext.swift"; sourceTree = "<group>"; };
		98300A4320D1F64A00D7C4BA /* String+Ext.swift */ = {isa = PBXFileReference; fileEncoding = 4; lastKnownFileType = sourcecode.swift; path = "String+Ext.swift"; sourceTree = "<group>"; };
		98300A4420D1F64A00D7C4BA /* UIView+Ext.swift */ = {isa = PBXFileReference; fileEncoding = 4; lastKnownFileType = sourcecode.swift; path = "UIView+Ext.swift"; sourceTree = "<group>"; };
		98300A4520D1F64A00D7C4BA /* UIViewController+Ext.swift */ = {isa = PBXFileReference; fileEncoding = 4; lastKnownFileType = sourcecode.swift; path = "UIViewController+Ext.swift"; sourceTree = "<group>"; };
		98300A4620D1F64B00D7C4BA /* UITextView+Ext.swift */ = {isa = PBXFileReference; fileEncoding = 4; lastKnownFileType = sourcecode.swift; path = "UITextView+Ext.swift"; sourceTree = "<group>"; };
		98300A4720D1F64B00D7C4BA /* UITextField+Ext.swift */ = {isa = PBXFileReference; fileEncoding = 4; lastKnownFileType = sourcecode.swift; path = "UITextField+Ext.swift"; sourceTree = "<group>"; };
		98300A4820D1F64B00D7C4BA /* UIStackView+Ext.swift */ = {isa = PBXFileReference; fileEncoding = 4; lastKnownFileType = sourcecode.swift; path = "UIStackView+Ext.swift"; sourceTree = "<group>"; };
		98300A5120D1F69300D7C4BA /* KeyboardAvoidable.swift */ = {isa = PBXFileReference; fileEncoding = 4; lastKnownFileType = sourcecode.swift; path = KeyboardAvoidable.swift; sourceTree = "<group>"; };
		98300A5320D1F6B800D7C4BA /* Observable+Ext.swift */ = {isa = PBXFileReference; lastKnownFileType = sourcecode.swift; path = "Observable+Ext.swift"; sourceTree = "<group>"; };
		98300A5620D1F6FB00D7C4BA /* ActivityIndicator.swift */ = {isa = PBXFileReference; lastKnownFileType = sourcecode.swift; path = ActivityIndicator.swift; sourceTree = "<group>"; };
		98300A5820D1F70E00D7C4BA /* ErrorTracker.swift */ = {isa = PBXFileReference; lastKnownFileType = sourcecode.swift; path = ErrorTracker.swift; sourceTree = "<group>"; };
		98300A5A20D1F72900D7C4BA /* FontBook.swift */ = {isa = PBXFileReference; lastKnownFileType = sourcecode.swift; path = FontBook.swift; sourceTree = "<group>"; };
		98300A5C20D1F73E00D7C4BA /* Palette.swift */ = {isa = PBXFileReference; lastKnownFileType = sourcecode.swift; path = Palette.swift; sourceTree = "<group>"; };
		98300A5E20D1F77800D7C4BA /* AppController.swift */ = {isa = PBXFileReference; fileEncoding = 4; lastKnownFileType = sourcecode.swift; path = AppController.swift; sourceTree = "<group>"; };
		98300A6520D1FEEE00D7C4BA /* InitialViewController.swift */ = {isa = PBXFileReference; lastKnownFileType = sourcecode.swift; path = InitialViewController.swift; sourceTree = "<group>"; };
		98300A6920D1FF4C00D7C4BA /* InitialViewModel.swift */ = {isa = PBXFileReference; lastKnownFileType = sourcecode.swift; path = InitialViewModel.swift; sourceTree = "<group>"; };
		98300A6D20D2042900D7C4BA /* UIButton+Ext.swift */ = {isa = PBXFileReference; lastKnownFileType = sourcecode.swift; path = "UIButton+Ext.swift"; sourceTree = "<group>"; };
		98300A6F20D20F1F00D7C4BA /* Routable.swift */ = {isa = PBXFileReference; lastKnownFileType = sourcecode.swift; path = Routable.swift; sourceTree = "<group>"; };
		9831E76F20E950BA00FFBB3D /* PositionService.swift */ = {isa = PBXFileReference; lastKnownFileType = sourcecode.swift; path = PositionService.swift; sourceTree = "<group>"; };
		9834950620EC6647003AEC8B /* PortfolioListViewController.swift */ = {isa = PBXFileReference; lastKnownFileType = sourcecode.swift; path = PortfolioListViewController.swift; sourceTree = "<group>"; };
		9834950820EC6653003AEC8B /* PortfolioListViewModel.swift */ = {isa = PBXFileReference; lastKnownFileType = sourcecode.swift; path = PortfolioListViewModel.swift; sourceTree = "<group>"; };
		9834950A20EC66B6003AEC8B /* PortfolioService.swift */ = {isa = PBXFileReference; lastKnownFileType = sourcecode.swift; path = PortfolioService.swift; sourceTree = "<group>"; };
		9834950C20EC71FD003AEC8B /* FundInfoTabViewController.swift */ = {isa = PBXFileReference; lastKnownFileType = sourcecode.swift; path = FundInfoTabViewController.swift; sourceTree = "<group>"; };
		9852F97520FC0DD3009E4A9A /* InvitationsListViewController.swift */ = {isa = PBXFileReference; lastKnownFileType = sourcecode.swift; path = InvitationsListViewController.swift; sourceTree = "<group>"; };
		9852F97720FC0DE1009E4A9A /* InvitationsListViewModel.swift */ = {isa = PBXFileReference; lastKnownFileType = sourcecode.swift; path = InvitationsListViewModel.swift; sourceTree = "<group>"; };
		9852F97920FC0E34009E4A9A /* InvitationService.swift */ = {isa = PBXFileReference; lastKnownFileType = sourcecode.swift; path = InvitationService.swift; sourceTree = "<group>"; };
		986AE2DB20DDD59700A78E42 /* SelectContactsViewController.swift */ = {isa = PBXFileReference; lastKnownFileType = sourcecode.swift; path = SelectContactsViewController.swift; sourceTree = "<group>"; };
		986AE2DD20DDD5A600A78E42 /* SelectContactsViewModel.swift */ = {isa = PBXFileReference; lastKnownFileType = sourcecode.swift; path = SelectContactsViewModel.swift; sourceTree = "<group>"; };
		986AE2DF20DDD5C700A78E42 /* MultipleSelectionFilterDataSource.swift */ = {isa = PBXFileReference; lastKnownFileType = sourcecode.swift; path = MultipleSelectionFilterDataSource.swift; sourceTree = "<group>"; };
		986AE2E120DDD68300A78E42 /* ValueCellDataSource.swift */ = {isa = PBXFileReference; lastKnownFileType = sourcecode.swift; path = ValueCellDataSource.swift; sourceTree = "<group>"; };
		986AE2E320DDD6E700A78E42 /* ContactsStore.swift */ = {isa = PBXFileReference; lastKnownFileType = sourcecode.swift; path = ContactsStore.swift; sourceTree = "<group>"; };
		986AE2E520DDD70E00A78E42 /* Contact.swift */ = {isa = PBXFileReference; lastKnownFileType = sourcecode.swift; path = Contact.swift; sourceTree = "<group>"; };
		986AE2E720DDD7BC00A78E42 /* SearchBarView.swift */ = {isa = PBXFileReference; lastKnownFileType = sourcecode.swift; path = SearchBarView.swift; sourceTree = "<group>"; };
		986AE2E920DDD85E00A78E42 /* EmptyView.swift */ = {isa = PBXFileReference; lastKnownFileType = sourcecode.swift; path = EmptyView.swift; sourceTree = "<group>"; };
		986AE2EB20DDD90500A78E42 /* TitleView.swift */ = {isa = PBXFileReference; lastKnownFileType = sourcecode.swift; path = TitleView.swift; sourceTree = "<group>"; };
		986AE2ED20DDD94E00A78E42 /* UserContactTableCell.swift */ = {isa = PBXFileReference; lastKnownFileType = sourcecode.swift; path = UserContactTableCell.swift; sourceTree = "<group>"; };
		986AE2EF20DDDC9400A78E42 /* ImageLabelSublabelView.swift */ = {isa = PBXFileReference; lastKnownFileType = sourcecode.swift; path = ImageLabelSublabelView.swift; sourceTree = "<group>"; };
		986B6DE920E4637E002BF93C /* Cache.swift */ = {isa = PBXFileReference; lastKnownFileType = sourcecode.swift; path = Cache.swift; sourceTree = "<group>"; };
		986B6DEC20E46F58002BF93C /* StockDetailViewController.swift */ = {isa = PBXFileReference; lastKnownFileType = sourcecode.swift; path = StockDetailViewController.swift; sourceTree = "<group>"; };
		986B6DEE20E46F63002BF93C /* StockDetailViewModel.swift */ = {isa = PBXFileReference; lastKnownFileType = sourcecode.swift; path = StockDetailViewModel.swift; sourceTree = "<group>"; };
		986B6DF020E47C67002BF93C /* FundTableCell.swift */ = {isa = PBXFileReference; lastKnownFileType = sourcecode.swift; path = FundTableCell.swift; sourceTree = "<group>"; };
		986B6DF220E47EA0002BF93C /* StockSelectionRouter.swift */ = {isa = PBXFileReference; lastKnownFileType = sourcecode.swift; path = StockSelectionRouter.swift; sourceTree = "<group>"; };
		987D54C021050A34007B3C53 /* FundDetailsMultipleSectionModel.swift */ = {isa = PBXFileReference; lastKnownFileType = sourcecode.swift; path = FundDetailsMultipleSectionModel.swift; sourceTree = "<group>"; };
		987D54C2210510B7007B3C53 /* DatePickerTableCell.swift */ = {isa = PBXFileReference; lastKnownFileType = sourcecode.swift; path = DatePickerTableCell.swift; sourceTree = "<group>"; };
		987D54C5210542DA007B3C53 /* DateSelectionViewController.swift */ = {isa = PBXFileReference; lastKnownFileType = sourcecode.swift; path = DateSelectionViewController.swift; sourceTree = "<group>"; };
		987D54C7210542E7007B3C53 /* DateSelectionViewModel.swift */ = {isa = PBXFileReference; lastKnownFileType = sourcecode.swift; path = DateSelectionViewModel.swift; sourceTree = "<group>"; };
		987F4A4D210232BC000F25C2 /* EnableNotificationsViewController.swift */ = {isa = PBXFileReference; lastKnownFileType = sourcecode.swift; path = EnableNotificationsViewController.swift; sourceTree = "<group>"; };
		987F4A4F210232CB000F25C2 /* EnableNotificationsViewModel.swift */ = {isa = PBXFileReference; lastKnownFileType = sourcecode.swift; path = EnableNotificationsViewModel.swift; sourceTree = "<group>"; };
		987F4A5121023CB1000F25C2 /* double-date.entitlements */ = {isa = PBXFileReference; lastKnownFileType = text.plist.entitlements; path = "double-date.entitlements"; sourceTree = "<group>"; };
		988F318920E17B6000084676 /* AlertViewController.swift */ = {isa = PBXFileReference; lastKnownFileType = sourcecode.swift; path = AlertViewController.swift; sourceTree = "<group>"; };
		989963D420D3EB2800AD9F9F /* UserListViewModel.swift */ = {isa = PBXFileReference; lastKnownFileType = sourcecode.swift; path = UserListViewModel.swift; sourceTree = "<group>"; };
		989963D620D3EB3500AD9F9F /* UserListViewController.swift */ = {isa = PBXFileReference; lastKnownFileType = sourcecode.swift; path = UserListViewController.swift; sourceTree = "<group>"; };
		989963D820D412C300AD9F9F /* NetworkActivityLogger.swift */ = {isa = PBXFileReference; lastKnownFileType = sourcecode.swift; path = NetworkActivityLogger.swift; sourceTree = "<group>"; };
		9899D6062108DEFD00939353 /* PageIndicatorView.swift */ = {isa = PBXFileReference; lastKnownFileType = sourcecode.swift; path = PageIndicatorView.swift; sourceTree = "<group>"; };
		9899D6082108E4E700939353 /* PageIndicatable.swift */ = {isa = PBXFileReference; lastKnownFileType = sourcecode.swift; path = PageIndicatable.swift; sourceTree = "<group>"; };
		98A51DEA2131BAA000BAFA41 /* FundsListMultipleSectionViewModel.swift */ = {isa = PBXFileReference; lastKnownFileType = sourcecode.swift; path = FundsListMultipleSectionViewModel.swift; sourceTree = "<group>"; };
		98A8467E2100DA6C008535A6 /* StockDetailMultipleSectionModel.swift */ = {isa = PBXFileReference; lastKnownFileType = sourcecode.swift; path = StockDetailMultipleSectionModel.swift; sourceTree = "<group>"; };
		98A846802100F095008535A6 /* StockChartView.swift */ = {isa = PBXFileReference; lastKnownFileType = sourcecode.swift; path = StockChartView.swift; sourceTree = "<group>"; };
		98B8B78320D303D4004BD6A1 /* SignupViewController.swift */ = {isa = PBXFileReference; lastKnownFileType = sourcecode.swift; path = SignupViewController.swift; sourceTree = "<group>"; };
		98B8B78720D30D9E004BD6A1 /* Network.swift */ = {isa = PBXFileReference; lastKnownFileType = sourcecode.swift; path = Network.swift; sourceTree = "<group>"; };
		98C06E6D20DB3BD400426EEC /* FundDetailsViewModel.swift */ = {isa = PBXFileReference; lastKnownFileType = sourcecode.swift; path = FundDetailsViewModel.swift; sourceTree = "<group>"; };
		98C06E6F20DB401A00426EEC /* FundDetailsViewController.swift */ = {isa = PBXFileReference; lastKnownFileType = sourcecode.swift; path = FundDetailsViewController.swift; sourceTree = "<group>"; };
		98C06E7220DB46A300426EEC /* TextFieldTableCell.swift */ = {isa = PBXFileReference; lastKnownFileType = sourcecode.swift; path = TextFieldTableCell.swift; sourceTree = "<group>"; };
		98CE67A521114AE600AFEBF1 /* EmptyLabelsView.swift */ = {isa = PBXFileReference; lastKnownFileType = sourcecode.swift; path = EmptyLabelsView.swift; sourceTree = "<group>"; };
		98CF487D20E6AB5800C426DB /* SelectFundViewController.swift */ = {isa = PBXFileReference; lastKnownFileType = sourcecode.swift; path = SelectFundViewController.swift; sourceTree = "<group>"; };
		98CF487F20E6AB6900C426DB /* SelectFundViewModel.swift */ = {isa = PBXFileReference; lastKnownFileType = sourcecode.swift; path = SelectFundViewModel.swift; sourceTree = "<group>"; };
		98D14ECD20EDA1FB0097AC69 /* PositionsListViewController.swift */ = {isa = PBXFileReference; lastKnownFileType = sourcecode.swift; path = PositionsListViewController.swift; sourceTree = "<group>"; };
		98D14ECF20EDA2070097AC69 /* PositionsListViewModel.swift */ = {isa = PBXFileReference; lastKnownFileType = sourcecode.swift; path = PositionsListViewModel.swift; sourceTree = "<group>"; };
		98D17ABF21134891000646E5 /* OnboardViewController.swift */ = {isa = PBXFileReference; lastKnownFileType = sourcecode.swift; path = OnboardViewController.swift; sourceTree = "<group>"; };
		98D17AC12113A20B000646E5 /* SettingsViewController.swift */ = {isa = PBXFileReference; lastKnownFileType = sourcecode.swift; path = SettingsViewController.swift; sourceTree = "<group>"; };
		98D17AC32113A25C000646E5 /* SettingsOptionTableCell.swift */ = {isa = PBXFileReference; lastKnownFileType = sourcecode.swift; path = SettingsOptionTableCell.swift; sourceTree = "<group>"; };
		98D4FD4C211252B60083769C /* ProfileHeaderView.swift */ = {isa = PBXFileReference; lastKnownFileType = sourcecode.swift; path = ProfileHeaderView.swift; sourceTree = "<group>"; };
		98DCE82D210F621F00106F2D /* PositionListMultipleSectionModel.swift */ = {isa = PBXFileReference; lastKnownFileType = sourcecode.swift; path = PositionListMultipleSectionModel.swift; sourceTree = "<group>"; };
		98DCE82F210F676600106F2D /* InvitationTableCell.swift */ = {isa = PBXFileReference; lastKnownFileType = sourcecode.swift; path = InvitationTableCell.swift; sourceTree = "<group>"; };
		98DCE831210FB81D00106F2D /* LeaderBoardTableCell.swift */ = {isa = PBXFileReference; lastKnownFileType = sourcecode.swift; path = LeaderBoardTableCell.swift; sourceTree = "<group>"; };
		98E3A81A211286D600C8E3FC /* InfiniteScrollView.swift */ = {isa = PBXFileReference; lastKnownFileType = sourcecode.swift; path = InfiniteScrollView.swift; sourceTree = "<group>"; };
		98E9B30120FA4CDB00CF44DE /* TwilioService.swift */ = {isa = PBXFileReference; lastKnownFileType = sourcecode.swift; path = TwilioService.swift; sourceTree = "<group>"; };
		98E9B30320FA4F1700CF44DE /* TwilioPhoneResponse.swift */ = {isa = PBXFileReference; lastKnownFileType = sourcecode.swift; path = TwilioPhoneResponse.swift; sourceTree = "<group>"; };
		98E9B30620FA55C000CF44DE /* PhoneVerificationViewModel.swift */ = {isa = PBXFileReference; lastKnownFileType = sourcecode.swift; path = PhoneVerificationViewModel.swift; sourceTree = "<group>"; };
		98E9B30820FA58CF00CF44DE /* PhoneVerificationViewController.swift */ = {isa = PBXFileReference; lastKnownFileType = sourcecode.swift; path = PhoneVerificationViewController.swift; sourceTree = "<group>"; };
		98F77F2520D5921E005F4B66 /* OnboardingRouter.swift */ = {isa = PBXFileReference; lastKnownFileType = sourcecode.swift; path = OnboardingRouter.swift; sourceTree = "<group>"; };
		98F77F2920D59314005F4B66 /* StyledTextField.swift */ = {isa = PBXFileReference; lastKnownFileType = sourcecode.swift; path = StyledTextField.swift; sourceTree = "<group>"; };
		98F77F2B20D5936C005F4B66 /* EnterNameViewModel.swift */ = {isa = PBXFileReference; lastKnownFileType = sourcecode.swift; path = EnterNameViewModel.swift; sourceTree = "<group>"; };
		98F77F2D20D59475005F4B66 /* ButtonLabel.swift */ = {isa = PBXFileReference; lastKnownFileType = sourcecode.swift; path = ButtonLabel.swift; sourceTree = "<group>"; };
		98F77F2F20D59497005F4B66 /* EnterNameViewController.swift */ = {isa = PBXFileReference; lastKnownFileType = sourcecode.swift; path = EnterNameViewController.swift; sourceTree = "<group>"; };
		98F77F3120D59571005F4B66 /* BackButtonNavView.swift */ = {isa = PBXFileReference; lastKnownFileType = sourcecode.swift; path = BackButtonNavView.swift; sourceTree = "<group>"; };
		98FA5C9620E01FFB00FA4818 /* Keychain.swift */ = {isa = PBXFileReference; lastKnownFileType = sourcecode.swift; path = Keychain.swift; sourceTree = "<group>"; };
		98FA5C9920E0436500FA4818 /* ProfileViewController.swift */ = {isa = PBXFileReference; lastKnownFileType = sourcecode.swift; path = ProfileViewController.swift; sourceTree = "<group>"; };
		98FA5C9B20E0437000FA4818 /* ProfileViewModel.swift */ = {isa = PBXFileReference; lastKnownFileType = sourcecode.swift; path = ProfileViewModel.swift; sourceTree = "<group>"; };
		98FA5C9F20E059BD00FA4818 /* FundService.swift */ = {isa = PBXFileReference; lastKnownFileType = sourcecode.swift; path = FundService.swift; sourceTree = "<group>"; };
		999279DFC7C0E1A1AC287809 /* Pods-double-date.debug.xcconfig */ = {isa = PBXFileReference; includeInIndex = 1; lastKnownFileType = text.xcconfig; name = "Pods-double-date.debug.xcconfig"; path = "Pods/Target Support Files/Pods-double-date/Pods-double-date.debug.xcconfig"; sourceTree = "<group>"; };
		F068FD1222170AB1E2442072 /* libPods-double-date.a */ = {isa = PBXFileReference; explicitFileType = archive.ar; includeInIndex = 0; path = "libPods-double-date.a"; sourceTree = BUILT_PRODUCTS_DIR; };
		F51F2B788A4F68569394B3BD /* Pods-double-date.release.xcconfig */ = {isa = PBXFileReference; includeInIndex = 1; lastKnownFileType = text.xcconfig; name = "Pods-double-date.release.xcconfig"; path = "Pods/Target Support Files/Pods-double-date/Pods-double-date.release.xcconfig"; sourceTree = "<group>"; };
/* End PBXFileReference section */

/* Begin PBXFrameworksBuildPhase section */
		983009FA20D1ED3C00D7C4BA /* Frameworks */ = {
			isa = PBXFrameworksBuildPhase;
			buildActionMask = 2147483647;
			files = (
				F2C4933BEDC11436495EE52E /* libPods-double-date.a in Frameworks */,
			);
			runOnlyForDeploymentPostprocessing = 0;
		};
		98300A0E20D1ED3C00D7C4BA /* Frameworks */ = {
			isa = PBXFrameworksBuildPhase;
			buildActionMask = 2147483647;
			files = (
			);
			runOnlyForDeploymentPostprocessing = 0;
		};
		98300A1920D1ED3C00D7C4BA /* Frameworks */ = {
			isa = PBXFrameworksBuildPhase;
			buildActionMask = 2147483647;
			files = (
			);
			runOnlyForDeploymentPostprocessing = 0;
		};
/* End PBXFrameworksBuildPhase section */

/* Begin PBXGroup section */
		35D9E9D15A9614EFCFE8B024 /* Frameworks */ = {
			isa = PBXGroup;
			children = (
				F068FD1222170AB1E2442072 /* libPods-double-date.a */,
			);
			name = Frameworks;
			sourceTree = "<group>";
		};
		57AECC5EC80261C580D1A113 /* Pods */ = {
			isa = PBXGroup;
			children = (
				999279DFC7C0E1A1AC287809 /* Pods-double-date.debug.xcconfig */,
				F51F2B788A4F68569394B3BD /* Pods-double-date.release.xcconfig */,
			);
			name = Pods;
			sourceTree = "<group>";
		};
		98031FFE213621730090647A /* Enter Date */ = {
			isa = PBXGroup;
			children = (
				98031FFF2136218C0090647A /* EnterFundNameViewModel.swift */,
				98032001213627A30090647A /* EnterFundNameViewController.swift */,
			);
			path = "Enter Date";
			sourceTree = "<group>";
		};
		9805770221062B790006821E /* Create Game */ = {
			isa = PBXGroup;
			children = (
				9805770321062B9D0006821E /* CreateFundFormViewController.swift */,
				9805770521062BAA0006821E /* CreateFundFormViewModel.swift */,
			);
			path = "Create Game";
			sourceTree = "<group>";
		};
		9806645220DD5B7B00951DBD /* Enter Phone Number */ = {
			isa = PBXGroup;
			children = (
				9806645320DD5BD700951DBD /* PhoneEntryViewController.swift */,
				9806645520DD5BE500951DBD /* PhoneEntryViewModel.swift */,
			);
			path = "Enter Phone Number";
			sourceTree = "<group>";
		};
		9806645720DD6E6B00951DBD /* Generic View Controllers */ = {
			isa = PBXGroup;
			children = (
				989963D320D3EB1300AD9F9F /* User List */,
				9806645C20DD6EB100951DBD /* CustomPageViewController.swift */,
				988F318920E17B6000084676 /* AlertViewController.swift */,
			);
			path = "Generic View Controllers";
			sourceTree = "<group>";
		};
		9806646420DD75A300951DBD /* Fund List */ = {
			isa = PBXGroup;
			children = (
				9806646720DD76FD00951DBD /* FundListViewController.swift */,
				9806646920DD778500951DBD /* FundListViewModel.swift */,
				98A51DEA2131BAA000BAFA41 /* FundsListMultipleSectionViewModel.swift */,
			);
			path = "Fund List";
			sourceTree = "<group>";
		};
		9806646B20DD7C6D00951DBD /* Market */ = {
			isa = PBXGroup;
			children = (
				9806646C20DD7CA400951DBD /* MarketViewController.swift */,
				980988FF20E316FD00C32BE0 /* MarketViewModel.swift */,
			);
			path = Market;
			sourceTree = "<group>";
		};
		9806647320DD9AA300951DBD /* Onboarding Router */ = {
			isa = PBXGroup;
			children = (
				98F77F2520D5921E005F4B66 /* OnboardingRouter.swift */,
				98B8B78220D303B2004BD6A1 /* Google Sign up */,
				98300A6420D1FE9400D7C4BA /* Inital */,
				98F77F2720D5925C005F4B66 /* Name Entry */,
				9806645220DD5B7B00951DBD /* Enter Phone Number */,
				98E9B30520FA558700CF44DE /* Enter Verification Code */,
				987F4A4C21023295000F25C2 /* Enable Notifications */,
			);
			path = "Onboarding Router";
			sourceTree = "<group>";
		};
		9806647420DD9AD600951DBD /* Home Router */ = {
			isa = PBXGroup;
			children = (
				9806646E20DD7E2D00951DBD /* HomeRouter.swift */,
				9806645820DD6E8800951DBD /* TapPageViewController.swift */,
				9806646B20DD7C6D00951DBD /* Market */,
				9806646420DD75A300951DBD /* Fund List */,
				98FA5C9820E0434C00FA4818 /* Profile */,
				9834950320EC65E1003AEC8B /* Fund Info */,
				98D14ECC20EDA1DA0097AC69 /* Postitions List */,
				9852F97420FC0DA3009E4A9A /* Invitations List */,
			);
			path = "Home Router";
			sourceTree = "<group>";
		};
		9806647520DD9AE800951DBD /* Create Fund Router */ = {
			isa = PBXGroup;
			children = (
				980B8D8E2142D309005E6B21 /* Game Name */,
				98031FFE213621730090647A /* Enter Date */,
				9806645020DD5A5400951DBD /* CreateFundRouter.swift */,
				9805770221062B790006821E /* Create Game */,
				986AE2DA20DDD55D00A78E42 /* Select Contacts */,
			);
			path = "Create Fund Router";
			sourceTree = "<group>";
		};
		980B8D8E2142D309005E6B21 /* Game Name */ = {
			isa = PBXGroup;
			children = (
			);
			path = "Game Name";
			sourceTree = "<group>";
		};
		981FAA0020F43CC2005F2C22 /* Purchase Info */ = {
			isa = PBXGroup;
			children = (
				981FAA0120F43CDC005F2C22 /* StockPurchaseInfoViewController.swift */,
				981FAA0320F43CEA005F2C22 /* StockPurchaseInfoViewModel.swift */,
			);
			path = "Purchase Info";
			sourceTree = "<group>";
		};
		983009F420D1ED3C00D7C4BA = {
			isa = PBXGroup;
			children = (
				983009FF20D1ED3C00D7C4BA /* double-date */,
				98300A1420D1ED3C00D7C4BA /* double-dateTests */,
				98300A1F20D1ED3C00D7C4BA /* double-dateUITests */,
				983009FE20D1ED3C00D7C4BA /* Products */,
				57AECC5EC80261C580D1A113 /* Pods */,
				35D9E9D15A9614EFCFE8B024 /* Frameworks */,
			);
			sourceTree = "<group>";
		};
		983009FE20D1ED3C00D7C4BA /* Products */ = {
			isa = PBXGroup;
			children = (
				983009FD20D1ED3C00D7C4BA /* double-date.app */,
				98300A1120D1ED3C00D7C4BA /* double-dateTests.xctest */,
				98300A1C20D1ED3C00D7C4BA /* double-dateUITests.xctest */,
			);
			name = Products;
			sourceTree = "<group>";
		};
		983009FF20D1ED3C00D7C4BA /* double-date */ = {
			isa = PBXGroup;
			children = (
				987F4A5121023CB1000F25C2 /* double-date.entitlements */,
				98300A0720D1ED3C00D7C4BA /* Assets.xcassets */,
				98300A3220D1F01500D7C4BA /* Secrets.swift */,
				98300A0020D1ED3C00D7C4BA /* AppDelegate.swift */,
				98300A5E20D1F77800D7C4BA /* AppController.swift */,
				98300A6220D1FE6F00D7C4BA /* Models */,
				98300A6320D1FE8700D7C4BA /* Scenes */,
				98C06E7120DB465A00426EEC /* Cells */,
				9806645720DD6E6B00951DBD /* Generic View Controllers */,
				98F77F2820D592FE005F4B66 /* Views */,
				98300A6020D1F82300D7C4BA /* API */,
				98300A5020D1F66500D7C4BA /* Generic Protocols */,
				98300A5520D1F6CD00D7C4BA /* Utilities */,
				98300A3B20D1F5A600D7C4BA /* Extensions */,
				9836FD6121079A2E0017C3BA /* Old Stuff */,
				98300A0920D1ED3C00D7C4BA /* LaunchScreen.storyboard */,
				98300A0C20D1ED3C00D7C4BA /* Info.plist */,
			);
			path = "double-date";
			sourceTree = "<group>";
		};
		98300A1420D1ED3C00D7C4BA /* double-dateTests */ = {
			isa = PBXGroup;
			children = (
				98300A1520D1ED3C00D7C4BA /* double_dateTests.swift */,
				98300A1720D1ED3C00D7C4BA /* Info.plist */,
			);
			path = "double-dateTests";
			sourceTree = "<group>";
		};
		98300A1F20D1ED3C00D7C4BA /* double-dateUITests */ = {
			isa = PBXGroup;
			children = (
				98300A2020D1ED3C00D7C4BA /* double_dateUITests.swift */,
				98300A2220D1ED3C00D7C4BA /* Info.plist */,
			);
			path = "double-dateUITests";
			sourceTree = "<group>";
		};
		98300A3B20D1F5A600D7C4BA /* Extensions */ = {
			isa = PBXGroup;
			children = (
				98300A3D20D1F5B700D7C4BA /* CustomNavViewable.swift */,
				98300A3C20D1F5B700D7C4BA /* NotificationName+Ext.swift */,
				98300A4020D1F63F00D7C4BA /* ConstraintMaker+Ext.swift */,
				98300A4320D1F64A00D7C4BA /* String+Ext.swift */,
				98300A4220D1F64A00D7C4BA /* UIDevice+Ext.swift */,
				98300A4820D1F64B00D7C4BA /* UIStackView+Ext.swift */,
				98300A4720D1F64B00D7C4BA /* UITextField+Ext.swift */,
				98300A4620D1F64B00D7C4BA /* UITextView+Ext.swift */,
				98300A4420D1F64A00D7C4BA /* UIView+Ext.swift */,
				98300A4520D1F64A00D7C4BA /* UIViewController+Ext.swift */,
				98300A5320D1F6B800D7C4BA /* Observable+Ext.swift */,
				98300A6D20D2042900D7C4BA /* UIButton+Ext.swift */,
				98057707210666300006821E /* Date+Ext.swift */,
			);
			path = Extensions;
			sourceTree = "<group>";
		};
		98300A5020D1F66500D7C4BA /* Generic Protocols */ = {
			isa = PBXGroup;
			children = (
				98300A3920D1F57B00D7C4BA /* BindableType.swift */,
				98300A5120D1F69300D7C4BA /* KeyboardAvoidable.swift */,
				98300A6F20D20F1F00D7C4BA /* Routable.swift */,
				9899D6082108E4E700939353 /* PageIndicatable.swift */,
			);
			path = "Generic Protocols";
			sourceTree = "<group>";
		};
		98300A5520D1F6CD00D7C4BA /* Utilities */ = {
			isa = PBXGroup;
			children = (
				98300A5620D1F6FB00D7C4BA /* ActivityIndicator.swift */,
				98300A5820D1F70E00D7C4BA /* ErrorTracker.swift */,
				98300A5A20D1F72900D7C4BA /* FontBook.swift */,
				98300A5C20D1F73E00D7C4BA /* Palette.swift */,
				986AE2DF20DDD5C700A78E42 /* MultipleSelectionFilterDataSource.swift */,
				986AE2E120DDD68300A78E42 /* ValueCellDataSource.swift */,
				986AE2E320DDD6E700A78E42 /* ContactsStore.swift */,
				98FA5C9620E01FFB00FA4818 /* Keychain.swift */,
				986B6DE920E4637E002BF93C /* Cache.swift */,
			);
			path = Utilities;
			sourceTree = "<group>";
		};
		98300A6020D1F82300D7C4BA /* API */ = {
			isa = PBXGroup;
			children = (
				98FA5C9F20E059BD00FA4818 /* FundService.swift */,
				9852F97920FC0E34009E4A9A /* InvitationService.swift */,
				98B8B78720D30D9E004BD6A1 /* Network.swift */,
				989963D820D412C300AD9F9F /* NetworkActivityLogger.swift */,
				9834950A20EC66B6003AEC8B /* PortfolioService.swift */,
				9831E76F20E950BA00FFBB3D /* PositionService.swift */,
				9809890120E3173A00C32BE0 /* StockService.swift */,
				98E9B30120FA4CDB00CF44DE /* TwilioService.swift */,
				98300A3420D1F1A700D7C4BA /* UserService.swift */,
			);
			path = API;
			sourceTree = "<group>";
		};
		98300A6220D1FE6F00D7C4BA /* Models */ = {
			isa = PBXGroup;
			children = (
				986AE2E520DDD70E00A78E42 /* Contact.swift */,
				9806644D20DD3CD100951DBD /* Fund.swift */,
				98E9B30320FA4F1700CF44DE /* TwilioPhoneResponse.swift */,
				98300A2E20D1EDB000D7C4BA /* User.swift */,
			);
			path = Models;
			sourceTree = "<group>";
		};
		98300A6320D1FE8700D7C4BA /* Scenes */ = {
			isa = PBXGroup;
			children = (
				9806647320DD9AA300951DBD /* Onboarding Router */,
				9806647420DD9AD600951DBD /* Home Router */,
				986B6DF420E4894A002BF93C /* Stock Selection Router */,
				9806647520DD9AE800951DBD /* Create Fund Router */,
			);
			path = Scenes;
			sourceTree = "<group>";
		};
		98300A6420D1FE9400D7C4BA /* Inital */ = {
			isa = PBXGroup;
			children = (
				98300A6520D1FEEE00D7C4BA /* InitialViewController.swift */,
				98300A6920D1FF4C00D7C4BA /* InitialViewModel.swift */,
				98E3A81A211286D600C8E3FC /* InfiniteScrollView.swift */,
				98D17ABF21134891000646E5 /* OnboardViewController.swift */,
			);
			path = Inital;
			sourceTree = "<group>";
		};
		9834950320EC65E1003AEC8B /* Fund Info */ = {
			isa = PBXGroup;
			children = (
				9834950620EC6647003AEC8B /* PortfolioListViewController.swift */,
				9834950820EC6653003AEC8B /* PortfolioListViewModel.swift */,
				9834950C20EC71FD003AEC8B /* FundInfoTabViewController.swift */,
			);
			path = "Fund Info";
			sourceTree = "<group>";
		};
		9836FD6121079A2E0017C3BA /* Old Stuff */ = {
			isa = PBXGroup;
			children = (
				987D54C4210542B6007B3C53 /* Date Selection */,
				98C06E6C20DB3BAC00426EEC /* Create Fund */,
			);
			path = "Old Stuff";
			sourceTree = "<group>";
		};
		9852F97420FC0DA3009E4A9A /* Invitations List */ = {
			isa = PBXGroup;
			children = (
				9852F97520FC0DD3009E4A9A /* InvitationsListViewController.swift */,
				9852F97720FC0DE1009E4A9A /* InvitationsListViewModel.swift */,
			);
			path = "Invitations List";
			sourceTree = "<group>";
		};
		986AE2DA20DDD55D00A78E42 /* Select Contacts */ = {
			isa = PBXGroup;
			children = (
				986AE2DB20DDD59700A78E42 /* SelectContactsViewController.swift */,
				986AE2DD20DDD5A600A78E42 /* SelectContactsViewModel.swift */,
			);
			path = "Select Contacts";
			sourceTree = "<group>";
		};
		986B6DEB20E46F31002BF93C /* Stock Detail */ = {
			isa = PBXGroup;
			children = (
				986B6DEC20E46F58002BF93C /* StockDetailViewController.swift */,
				986B6DEE20E46F63002BF93C /* StockDetailViewModel.swift */,
				98A8467E2100DA6C008535A6 /* StockDetailMultipleSectionModel.swift */,
			);
			path = "Stock Detail";
			sourceTree = "<group>";
		};
		986B6DF420E4894A002BF93C /* Stock Selection Router */ = {
			isa = PBXGroup;
			children = (
				986B6DF220E47EA0002BF93C /* StockSelectionRouter.swift */,
				986B6DEB20E46F31002BF93C /* Stock Detail */,
				98CF487C20E6AB3300C426DB /* Select Funds */,
				981FAA0020F43CC2005F2C22 /* Purchase Info */,
			);
			path = "Stock Selection Router";
			sourceTree = "<group>";
		};
		987D54C4210542B6007B3C53 /* Date Selection */ = {
			isa = PBXGroup;
			children = (
				987D54C5210542DA007B3C53 /* DateSelectionViewController.swift */,
				987D54C7210542E7007B3C53 /* DateSelectionViewModel.swift */,
			);
			path = "Date Selection";
			sourceTree = "<group>";
		};
		987F4A4C21023295000F25C2 /* Enable Notifications */ = {
			isa = PBXGroup;
			children = (
				987F4A4D210232BC000F25C2 /* EnableNotificationsViewController.swift */,
				987F4A4F210232CB000F25C2 /* EnableNotificationsViewModel.swift */,
			);
			path = "Enable Notifications";
			sourceTree = "<group>";
		};
		989963D320D3EB1300AD9F9F /* User List */ = {
			isa = PBXGroup;
			children = (
				989963D620D3EB3500AD9F9F /* UserListViewController.swift */,
				989963D420D3EB2800AD9F9F /* UserListViewModel.swift */,
			);
			path = "User List";
			sourceTree = "<group>";
		};
		98B8B78220D303B2004BD6A1 /* Google Sign up */ = {
			isa = PBXGroup;
			children = (
				98B8B78320D303D4004BD6A1 /* SignupViewController.swift */,
			);
			path = "Google Sign up";
			sourceTree = "<group>";
		};
		98C06E6C20DB3BAC00426EEC /* Create Fund */ = {
			isa = PBXGroup;
			children = (
				98C06E6D20DB3BD400426EEC /* FundDetailsViewModel.swift */,
				98C06E6F20DB401A00426EEC /* FundDetailsViewController.swift */,
				987D54C021050A34007B3C53 /* FundDetailsMultipleSectionModel.swift */,
			);
			path = "Create Fund";
			sourceTree = "<group>";
		};
		98C06E7120DB465A00426EEC /* Cells */ = {
			isa = PBXGroup;
			children = (
				987D54C2210510B7007B3C53 /* DatePickerTableCell.swift */,
				9826B46D210A131E00E29902 /* FundSummaryTableCell.swift */,
				986B6DF020E47C67002BF93C /* FundTableCell.swift */,
				98DCE82F210F676600106F2D /* InvitationTableCell.swift */,
				98DCE831210FB81D00106F2D /* LeaderBoardTableCell.swift */,
				9826B471210A58A700E29902 /* PositionSummaryTableCell.swift */,
				982AC28421250E9000E1C66F /* SelectFundTableCell.swift */,
				98D17AC32113A25C000646E5 /* SettingsOptionTableCell.swift */,
				9826B46F210A257800E29902 /* StockSearchTableCell.swift */,
				98C06E7220DB46A300426EEC /* TextFieldTableCell.swift */,
				986AE2ED20DDD94E00A78E42 /* UserContactTableCell.swift */,
			);
			path = Cells;
			sourceTree = "<group>";
		};
		98CF487C20E6AB3300C426DB /* Select Funds */ = {
			isa = PBXGroup;
			children = (
				98CF487D20E6AB5800C426DB /* SelectFundViewController.swift */,
				98CF487F20E6AB6900C426DB /* SelectFundViewModel.swift */,
			);
			path = "Select Funds";
			sourceTree = "<group>";
		};
		98D14ECC20EDA1DA0097AC69 /* Postitions List */ = {
			isa = PBXGroup;
			children = (
				98D14ECD20EDA1FB0097AC69 /* PositionsListViewController.swift */,
				98D14ECF20EDA2070097AC69 /* PositionsListViewModel.swift */,
				98DCE82D210F621F00106F2D /* PositionListMultipleSectionModel.swift */,
			);
			path = "Postitions List";
			sourceTree = "<group>";
		};
		98E9B30520FA558700CF44DE /* Enter Verification Code */ = {
			isa = PBXGroup;
			children = (
				98E9B30820FA58CF00CF44DE /* PhoneVerificationViewController.swift */,
				98E9B30620FA55C000CF44DE /* PhoneVerificationViewModel.swift */,
			);
			path = "Enter Verification Code";
			sourceTree = "<group>";
		};
		98F77F2720D5925C005F4B66 /* Name Entry */ = {
			isa = PBXGroup;
			children = (
				98F77F2B20D5936C005F4B66 /* EnterNameViewModel.swift */,
				98F77F2F20D59497005F4B66 /* EnterNameViewController.swift */,
			);
			path = "Name Entry";
			sourceTree = "<group>";
		};
		98F77F2820D592FE005F4B66 /* Views */ = {
			isa = PBXGroup;
			children = (
				98F77F3120D59571005F4B66 /* BackButtonNavView.swift */,
				98F77F2D20D59475005F4B66 /* ButtonLabel.swift */,
				9805770921067B760006821E /* CurrencyTextField.swift */,
				9806645E20DD73B400951DBD /* CustomStackView.swift */,
				98CE67A521114AE600AFEBF1 /* EmptyLabelsView.swift */,
				986AE2E920DDD85E00A78E42 /* EmptyView.swift */,
				981FA9FE20F43046005F2C22 /* FundInfoHeaderView.swift */,
				986AE2EF20DDDC9400A78E42 /* ImageLabelSublabelView.swift */,
				9899D6062108DEFD00939353 /* PageIndicatorView.swift */,
				98D4FD4C211252B60083769C /* ProfileHeaderView.swift */,
				986AE2E720DDD7BC00A78E42 /* SearchBarView.swift */,
				98A846802100F095008535A6 /* StockChartView.swift */,
				98F77F2920D59314005F4B66 /* StyledTextField.swift */,
				9806646220DD740800951DBD /* TabBarView.swift */,
				981FAA0520F43D93005F2C22 /* TitleTextFieldView.swift */,
				986AE2EB20DDD90500A78E42 /* TitleView.swift */,
			);
			path = Views;
			sourceTree = "<group>";
		};
		98FA5C9820E0434C00FA4818 /* Profile */ = {
			isa = PBXGroup;
			children = (
				98FA5C9920E0436500FA4818 /* ProfileViewController.swift */,
				98FA5C9B20E0437000FA4818 /* ProfileViewModel.swift */,
				98D17AC12113A20B000646E5 /* SettingsViewController.swift */,
			);
			path = Profile;
			sourceTree = "<group>";
		};
/* End PBXGroup section */

/* Begin PBXNativeTarget section */
		983009FC20D1ED3C00D7C4BA /* double-date */ = {
			isa = PBXNativeTarget;
			buildConfigurationList = 98300A2520D1ED3C00D7C4BA /* Build configuration list for PBXNativeTarget "double-date" */;
			buildPhases = (
				82BAE2D92EE87D7501AA58F2 /* [CP] Check Pods Manifest.lock */,
				983009F920D1ED3C00D7C4BA /* Sources */,
				983009FA20D1ED3C00D7C4BA /* Frameworks */,
				983009FB20D1ED3C00D7C4BA /* Resources */,
				77C1212971E12D0E3CB434FE /* [CP] Copy Pods Resources */,
			);
			buildRules = (
			);
			dependencies = (
			);
			name = "double-date";
			productName = "double-date";
			productReference = 983009FD20D1ED3C00D7C4BA /* double-date.app */;
			productType = "com.apple.product-type.application";
		};
		98300A1020D1ED3C00D7C4BA /* double-dateTests */ = {
			isa = PBXNativeTarget;
			buildConfigurationList = 98300A2820D1ED3C00D7C4BA /* Build configuration list for PBXNativeTarget "double-dateTests" */;
			buildPhases = (
				98300A0D20D1ED3C00D7C4BA /* Sources */,
				98300A0E20D1ED3C00D7C4BA /* Frameworks */,
				98300A0F20D1ED3C00D7C4BA /* Resources */,
			);
			buildRules = (
			);
			dependencies = (
				98300A1320D1ED3C00D7C4BA /* PBXTargetDependency */,
			);
			name = "double-dateTests";
			productName = "double-dateTests";
			productReference = 98300A1120D1ED3C00D7C4BA /* double-dateTests.xctest */;
			productType = "com.apple.product-type.bundle.unit-test";
		};
		98300A1B20D1ED3C00D7C4BA /* double-dateUITests */ = {
			isa = PBXNativeTarget;
			buildConfigurationList = 98300A2B20D1ED3C00D7C4BA /* Build configuration list for PBXNativeTarget "double-dateUITests" */;
			buildPhases = (
				98300A1820D1ED3C00D7C4BA /* Sources */,
				98300A1920D1ED3C00D7C4BA /* Frameworks */,
				98300A1A20D1ED3C00D7C4BA /* Resources */,
			);
			buildRules = (
			);
			dependencies = (
				98300A1E20D1ED3C00D7C4BA /* PBXTargetDependency */,
			);
			name = "double-dateUITests";
			productName = "double-dateUITests";
			productReference = 98300A1C20D1ED3C00D7C4BA /* double-dateUITests.xctest */;
			productType = "com.apple.product-type.bundle.ui-testing";
		};
/* End PBXNativeTarget section */

/* Begin PBXProject section */
		983009F520D1ED3C00D7C4BA /* Project object */ = {
			isa = PBXProject;
			attributes = {
				LastSwiftUpdateCheck = 0920;
				LastUpgradeCheck = 0940;
				ORGANIZATIONNAME = "Cluk Labs";
				TargetAttributes = {
					983009FC20D1ED3C00D7C4BA = {
						CreatedOnToolsVersion = 9.2;
						ProvisioningStyle = Automatic;
						SystemCapabilities = {
							com.apple.Push = {
								enabled = 1;
							};
							com.apple.Wallet = {
								enabled = 0;
							};
						};
					};
					98300A1020D1ED3C00D7C4BA = {
						CreatedOnToolsVersion = 9.2;
						ProvisioningStyle = Automatic;
						TestTargetID = 983009FC20D1ED3C00D7C4BA;
					};
					98300A1B20D1ED3C00D7C4BA = {
						CreatedOnToolsVersion = 9.2;
						ProvisioningStyle = Automatic;
						TestTargetID = 983009FC20D1ED3C00D7C4BA;
					};
				};
			};
			buildConfigurationList = 983009F820D1ED3C00D7C4BA /* Build configuration list for PBXProject "double-date" */;
			compatibilityVersion = "Xcode 8.0";
			developmentRegion = en;
			hasScannedForEncodings = 0;
			knownRegions = (
				en,
				Base,
			);
			mainGroup = 983009F420D1ED3C00D7C4BA;
			productRefGroup = 983009FE20D1ED3C00D7C4BA /* Products */;
			projectDirPath = "";
			projectRoot = "";
			targets = (
				983009FC20D1ED3C00D7C4BA /* double-date */,
				98300A1020D1ED3C00D7C4BA /* double-dateTests */,
				98300A1B20D1ED3C00D7C4BA /* double-dateUITests */,
			);
		};
/* End PBXProject section */

/* Begin PBXResourcesBuildPhase section */
		983009FB20D1ED3C00D7C4BA /* Resources */ = {
			isa = PBXResourcesBuildPhase;
			buildActionMask = 2147483647;
			files = (
				98300A0B20D1ED3C00D7C4BA /* LaunchScreen.storyboard in Resources */,
				98300A0820D1ED3C00D7C4BA /* Assets.xcassets in Resources */,
			);
			runOnlyForDeploymentPostprocessing = 0;
		};
		98300A0F20D1ED3C00D7C4BA /* Resources */ = {
			isa = PBXResourcesBuildPhase;
			buildActionMask = 2147483647;
			files = (
			);
			runOnlyForDeploymentPostprocessing = 0;
		};
		98300A1A20D1ED3C00D7C4BA /* Resources */ = {
			isa = PBXResourcesBuildPhase;
			buildActionMask = 2147483647;
			files = (
			);
			runOnlyForDeploymentPostprocessing = 0;
		};
/* End PBXResourcesBuildPhase section */

/* Begin PBXShellScriptBuildPhase section */
		77C1212971E12D0E3CB434FE /* [CP] Copy Pods Resources */ = {
			isa = PBXShellScriptBuildPhase;
			buildActionMask = 2147483647;
			files = (
			);
			inputPaths = (
				"${SRCROOT}/Pods/Target Support Files/Pods-double-date/Pods-double-date-resources.sh",
				"${PODS_ROOT}/GTMOAuth2/Source/Touch/GTMOAuth2ViewTouch.xib",
				"${PODS_ROOT}/GoogleSignIn/Resources/GoogleSignIn.bundle",
			);
			name = "[CP] Copy Pods Resources";
			outputPaths = (
				"${TARGET_BUILD_DIR}/${UNLOCALIZED_RESOURCES_FOLDER_PATH}/GTMOAuth2ViewTouch.nib",
				"${TARGET_BUILD_DIR}/${UNLOCALIZED_RESOURCES_FOLDER_PATH}/GoogleSignIn.bundle",
			);
			runOnlyForDeploymentPostprocessing = 0;
			shellPath = /bin/sh;
			shellScript = "\"${SRCROOT}/Pods/Target Support Files/Pods-double-date/Pods-double-date-resources.sh\"\n";
			showEnvVarsInLog = 0;
		};
		82BAE2D92EE87D7501AA58F2 /* [CP] Check Pods Manifest.lock */ = {
			isa = PBXShellScriptBuildPhase;
			buildActionMask = 2147483647;
			files = (
			);
			inputPaths = (
				"${PODS_PODFILE_DIR_PATH}/Podfile.lock",
				"${PODS_ROOT}/Manifest.lock",
			);
			name = "[CP] Check Pods Manifest.lock";
			outputPaths = (
				"$(DERIVED_FILE_DIR)/Pods-double-date-checkManifestLockResult.txt",
			);
			runOnlyForDeploymentPostprocessing = 0;
			shellPath = /bin/sh;
			shellScript = "diff \"${PODS_PODFILE_DIR_PATH}/Podfile.lock\" \"${PODS_ROOT}/Manifest.lock\" > /dev/null\nif [ $? != 0 ] ; then\n    # print error to STDERR\n    echo \"error: The sandbox is not in sync with the Podfile.lock. Run 'pod install' or update your CocoaPods installation.\" >&2\n    exit 1\nfi\n# This output is used by Xcode 'outputs' to avoid re-running this script phase.\necho \"SUCCESS\" > \"${SCRIPT_OUTPUT_FILE_0}\"\n";
			showEnvVarsInLog = 0;
		};
/* End PBXShellScriptBuildPhase section */

/* Begin PBXSourcesBuildPhase section */
		983009F920D1ED3C00D7C4BA /* Sources */ = {
			isa = PBXSourcesBuildPhase;
			buildActionMask = 2147483647;
			files = (
				98F77F3220D59571005F4B66 /* BackButtonNavView.swift in Sources */,
				98300A2F20D1EDB000D7C4BA /* User.swift in Sources */,
				98300A6A20D1FF4C00D7C4BA /* InitialViewModel.swift in Sources */,
				98300A5D20D1F73E00D7C4BA /* Palette.swift in Sources */,
				98032002213627A30090647A /* EnterFundNameViewController.swift in Sources */,
				98F77F2A20D59314005F4B66 /* StyledTextField.swift in Sources */,
				9805770421062B9D0006821E /* CreateFundFormViewController.swift in Sources */,
				98D14ED020EDA2070097AC69 /* PositionsListViewModel.swift in Sources */,
				98057708210666300006821E /* Date+Ext.swift in Sources */,
				986AE2EC20DDD90500A78E42 /* TitleView.swift in Sources */,
				98FA5C9A20E0436500FA4818 /* ProfileViewController.swift in Sources */,
				98FA5C9C20E0437000FA4818 /* ProfileViewModel.swift in Sources */,
				986AE2E020DDD5C700A78E42 /* MultipleSelectionFilterDataSource.swift in Sources */,
				9806646D20DD7CA400951DBD /* MarketViewController.swift in Sources */,
				9834950B20EC66B6003AEC8B /* PortfolioService.swift in Sources */,
				986B6DEA20E4637E002BF93C /* Cache.swift in Sources */,
				98FA5CA020E059BD00FA4818 /* FundService.swift in Sources */,
				981FAA0620F43D93005F2C22 /* TitleTextFieldView.swift in Sources */,
				98D14ECE20EDA1FB0097AC69 /* PositionsListViewController.swift in Sources */,
				98F77F2E20D59475005F4B66 /* ButtonLabel.swift in Sources */,
				9899D6072108DEFD00939353 /* PageIndicatorView.swift in Sources */,
				98C06E7020DB401A00426EEC /* FundDetailsViewController.swift in Sources */,
				98E3A81B211286D600C8E3FC /* InfiniteScrollView.swift in Sources */,
				98300A5220D1F69300D7C4BA /* KeyboardAvoidable.swift in Sources */,
				98D17AC22113A20B000646E5 /* SettingsViewController.swift in Sources */,
				9852F97820FC0DE1009E4A9A /* InvitationsListViewModel.swift in Sources */,
				98D17AC42113A25C000646E5 /* SettingsOptionTableCell.swift in Sources */,
				986AE2E220DDD68300A78E42 /* ValueCellDataSource.swift in Sources */,
				987D54C8210542E7007B3C53 /* DateSelectionViewModel.swift in Sources */,
				98F77F3020D59497005F4B66 /* EnterNameViewController.swift in Sources */,
				9809890020E316FD00C32BE0 /* MarketViewModel.swift in Sources */,
				98300A5F20D1F77800D7C4BA /* AppController.swift in Sources */,
				98B8B78820D30D9E004BD6A1 /* Network.swift in Sources */,
				9826B470210A257800E29902 /* StockSearchTableCell.swift in Sources */,
				98DCE82E210F621F00106F2D /* PositionListMultipleSectionModel.swift in Sources */,
				986AE2DC20DDD59700A78E42 /* SelectContactsViewController.swift in Sources */,
				986AE2EA20DDD85E00A78E42 /* EmptyView.swift in Sources */,
				98300A5720D1F6FB00D7C4BA /* ActivityIndicator.swift in Sources */,
				98300A4E20D1F64B00D7C4BA /* UITextField+Ext.swift in Sources */,
				98CF488020E6AB6900C426DB /* SelectFundViewModel.swift in Sources */,
				98300A4C20D1F64B00D7C4BA /* UIViewController+Ext.swift in Sources */,
				98C06E7320DB46A300426EEC /* TextFieldTableCell.swift in Sources */,
				9834950920EC6653003AEC8B /* PortfolioListViewModel.swift in Sources */,
				9834950D20EC71FD003AEC8B /* FundInfoTabViewController.swift in Sources */,
				98F77F2620D5921E005F4B66 /* OnboardingRouter.swift in Sources */,
				98DCE832210FB81D00106F2D /* LeaderBoardTableCell.swift in Sources */,
				9806646320DD740800951DBD /* TabBarView.swift in Sources */,
				9826B46E210A131E00E29902 /* FundSummaryTableCell.swift in Sources */,
				98300A5B20D1F72900D7C4BA /* FontBook.swift in Sources */,
				989963D920D412C300AD9F9F /* NetworkActivityLogger.swift in Sources */,
				98300A5420D1F6B800D7C4BA /* Observable+Ext.swift in Sources */,
				98A846812100F095008535A6 /* StockChartView.swift in Sources */,
				987D54C3210510B7007B3C53 /* DatePickerTableCell.swift in Sources */,
				9852F97A20FC0E34009E4A9A /* InvitationService.swift in Sources */,
				9805770A21067B760006821E /* CurrencyTextField.swift in Sources */,
				9806646820DD76FD00951DBD /* FundListViewController.swift in Sources */,
				98300A3F20D1F5B700D7C4BA /* CustomNavViewable.swift in Sources */,
				9806646F20DD7E2D00951DBD /* HomeRouter.swift in Sources */,
				9826B472210A58A700E29902 /* PositionSummaryTableCell.swift in Sources */,
				98CF487E20E6AB5800C426DB /* SelectFundViewController.swift in Sources */,
				981FAA0220F43CDC005F2C22 /* StockPurchaseInfoViewController.swift in Sources */,
				9831E77020E950BA00FFBB3D /* PositionService.swift in Sources */,
				98D4FD4D211252B60083769C /* ProfileHeaderView.swift in Sources */,
				9852F97620FC0DD3009E4A9A /* InvitationsListViewController.swift in Sources */,
				9899D6092108E4E700939353 /* PageIndicatable.swift in Sources */,
				986AE2DE20DDD5A600A78E42 /* SelectContactsViewModel.swift in Sources */,
				986B6DF320E47EA0002BF93C /* StockSelectionRouter.swift in Sources */,
				988F318A20E17B6000084676 /* AlertViewController.swift in Sources */,
				98300A3520D1F1A700D7C4BA /* UserService.swift in Sources */,
				98E9B30920FA58CF00CF44DE /* PhoneVerificationViewController.swift in Sources */,
				98300A3E20D1F5B700D7C4BA /* NotificationName+Ext.swift in Sources */,
				98300A4120D1F63F00D7C4BA /* ConstraintMaker+Ext.swift in Sources */,
				9805770621062BAA0006821E /* CreateFundFormViewModel.swift in Sources */,
				9806646A20DD778500951DBD /* FundListViewModel.swift in Sources */,
				98D17AC021134891000646E5 /* OnboardViewController.swift in Sources */,
				98300A7020D20F1F00D7C4BA /* Routable.swift in Sources */,
				9809890220E3173A00C32BE0 /* StockService.swift in Sources */,
				98300A3320D1F01500D7C4BA /* Secrets.swift in Sources */,
				98A51DEB2131BAA000BAFA41 /* FundsListMultipleSectionViewModel.swift in Sources */,
				98300A6620D1FEEE00D7C4BA /* InitialViewController.swift in Sources */,
				98300A4920D1F64B00D7C4BA /* UIDevice+Ext.swift in Sources */,
				98300A4D20D1F64B00D7C4BA /* UITextView+Ext.swift in Sources */,
				981FA9FF20F43046005F2C22 /* FundInfoHeaderView.swift in Sources */,
				986B6DED20E46F58002BF93C /* StockDetailViewController.swift in Sources */,
				986AE2E420DDD6E700A78E42 /* ContactsStore.swift in Sources */,
				981FAA0420F43CEA005F2C22 /* StockPurchaseInfoViewModel.swift in Sources */,
				989963D720D3EB3500AD9F9F /* UserListViewController.swift in Sources */,
				986AE2E820DDD7BC00A78E42 /* SearchBarView.swift in Sources */,
				98F77F2C20D5936C005F4B66 /* EnterNameViewModel.swift in Sources */,
				9806645D20DD6EB100951DBD /* CustomPageViewController.swift in Sources */,
				98300A6E20D2042900D7C4BA /* UIButton+Ext.swift in Sources */,
				98300A4F20D1F64B00D7C4BA /* UIStackView+Ext.swift in Sources */,
				9806645620DD5BE500951DBD /* PhoneEntryViewModel.swift in Sources */,
				982AC28521250E9000E1C66F /* SelectFundTableCell.swift in Sources */,
				987D54C121050A34007B3C53 /* FundDetailsMultipleSectionModel.swift in Sources */,
				987D54C6210542DA007B3C53 /* DateSelectionViewController.swift in Sources */,
				9806645420DD5BD700951DBD /* PhoneEntryViewController.swift in Sources */,
				98CE67A621114AE600AFEBF1 /* EmptyLabelsView.swift in Sources */,
				989963D520D3EB2800AD9F9F /* UserListViewModel.swift in Sources */,
				98300A4B20D1F64B00D7C4BA /* UIView+Ext.swift in Sources */,
				980320002136218C0090647A /* EnterFundNameViewModel.swift in Sources */,
				98300A3A20D1F57B00D7C4BA /* BindableType.swift in Sources */,
				986AE2EE20DDD94E00A78E42 /* UserContactTableCell.swift in Sources */,
				98A8467F2100DA6C008535A6 /* StockDetailMultipleSectionModel.swift in Sources */,
				98300A0120D1ED3C00D7C4BA /* AppDelegate.swift in Sources */,
				98FA5C9720E01FFB00FA4818 /* Keychain.swift in Sources */,
				98C06E6E20DB3BD400426EEC /* FundDetailsViewModel.swift in Sources */,
				9806645120DD5A5400951DBD /* CreateFundRouter.swift in Sources */,
				98300A4A20D1F64B00D7C4BA /* String+Ext.swift in Sources */,
				98E9B30220FA4CDB00CF44DE /* TwilioService.swift in Sources */,
				98E9B30720FA55C000CF44DE /* PhoneVerificationViewModel.swift in Sources */,
				98B8B78420D303D4004BD6A1 /* SignupViewController.swift in Sources */,
				9806645920DD6E8800951DBD /* TapPageViewController.swift in Sources */,
				986B6DEF20E46F63002BF93C /* StockDetailViewModel.swift in Sources */,
				986AE2E620DDD70E00A78E42 /* Contact.swift in Sources */,
				986B6DF120E47C67002BF93C /* FundTableCell.swift in Sources */,
				98E9B30420FA4F1700CF44DE /* TwilioPhoneResponse.swift in Sources */,
				9806645F20DD73B400951DBD /* CustomStackView.swift in Sources */,
				98DCE830210F676600106F2D /* InvitationTableCell.swift in Sources */,
				987F4A50210232CB000F25C2 /* EnableNotificationsViewModel.swift in Sources */,
				9806644E20DD3CD100951DBD /* Fund.swift in Sources */,
				987F4A4E210232BC000F25C2 /* EnableNotificationsViewController.swift in Sources */,
				98300A5920D1F70E00D7C4BA /* ErrorTracker.swift in Sources */,
				986AE2F020DDDC9400A78E42 /* ImageLabelSublabelView.swift in Sources */,
				9834950720EC6647003AEC8B /* PortfolioListViewController.swift in Sources */,
			);
			runOnlyForDeploymentPostprocessing = 0;
		};
		98300A0D20D1ED3C00D7C4BA /* Sources */ = {
			isa = PBXSourcesBuildPhase;
			buildActionMask = 2147483647;
			files = (
				98300A1620D1ED3C00D7C4BA /* double_dateTests.swift in Sources */,
			);
			runOnlyForDeploymentPostprocessing = 0;
		};
		98300A1820D1ED3C00D7C4BA /* Sources */ = {
			isa = PBXSourcesBuildPhase;
			buildActionMask = 2147483647;
			files = (
				98300A2120D1ED3C00D7C4BA /* double_dateUITests.swift in Sources */,
			);
			runOnlyForDeploymentPostprocessing = 0;
		};
/* End PBXSourcesBuildPhase section */

/* Begin PBXTargetDependency section */
		98300A1320D1ED3C00D7C4BA /* PBXTargetDependency */ = {
			isa = PBXTargetDependency;
			target = 983009FC20D1ED3C00D7C4BA /* double-date */;
			targetProxy = 98300A1220D1ED3C00D7C4BA /* PBXContainerItemProxy */;
		};
		98300A1E20D1ED3C00D7C4BA /* PBXTargetDependency */ = {
			isa = PBXTargetDependency;
			target = 983009FC20D1ED3C00D7C4BA /* double-date */;
			targetProxy = 98300A1D20D1ED3C00D7C4BA /* PBXContainerItemProxy */;
		};
/* End PBXTargetDependency section */

/* Begin PBXVariantGroup section */
		98300A0920D1ED3C00D7C4BA /* LaunchScreen.storyboard */ = {
			isa = PBXVariantGroup;
			children = (
				98300A0A20D1ED3C00D7C4BA /* Base */,
			);
			name = LaunchScreen.storyboard;
			sourceTree = "<group>";
		};
/* End PBXVariantGroup section */

/* Begin XCBuildConfiguration section */
		98300A2320D1ED3C00D7C4BA /* Debug */ = {
			isa = XCBuildConfiguration;
			buildSettings = {
				ALWAYS_SEARCH_USER_PATHS = NO;
				CLANG_ANALYZER_NONNULL = YES;
				CLANG_ANALYZER_NUMBER_OBJECT_CONVERSION = YES_AGGRESSIVE;
				CLANG_CXX_LANGUAGE_STANDARD = "gnu++14";
				CLANG_CXX_LIBRARY = "libc++";
				CLANG_ENABLE_MODULES = YES;
				CLANG_ENABLE_OBJC_ARC = YES;
				CLANG_WARN_BLOCK_CAPTURE_AUTORELEASING = YES;
				CLANG_WARN_BOOL_CONVERSION = YES;
				CLANG_WARN_COMMA = YES;
				CLANG_WARN_CONSTANT_CONVERSION = YES;
				CLANG_WARN_DEPRECATED_OBJC_IMPLEMENTATIONS = YES;
				CLANG_WARN_DIRECT_OBJC_ISA_USAGE = YES_ERROR;
				CLANG_WARN_DOCUMENTATION_COMMENTS = YES;
				CLANG_WARN_EMPTY_BODY = YES;
				CLANG_WARN_ENUM_CONVERSION = YES;
				CLANG_WARN_INFINITE_RECURSION = YES;
				CLANG_WARN_INT_CONVERSION = YES;
				CLANG_WARN_NON_LITERAL_NULL_CONVERSION = YES;
				CLANG_WARN_OBJC_IMPLICIT_RETAIN_SELF = YES;
				CLANG_WARN_OBJC_LITERAL_CONVERSION = YES;
				CLANG_WARN_OBJC_ROOT_CLASS = YES_ERROR;
				CLANG_WARN_RANGE_LOOP_ANALYSIS = YES;
				CLANG_WARN_STRICT_PROTOTYPES = YES;
				CLANG_WARN_SUSPICIOUS_MOVE = YES;
				CLANG_WARN_UNGUARDED_AVAILABILITY = YES_AGGRESSIVE;
				CLANG_WARN_UNREACHABLE_CODE = YES;
				CLANG_WARN__DUPLICATE_METHOD_MATCH = YES;
				CODE_SIGN_IDENTITY = "iPhone Developer";
				COPY_PHASE_STRIP = NO;
				DEBUG_INFORMATION_FORMAT = dwarf;
				ENABLE_STRICT_OBJC_MSGSEND = YES;
				ENABLE_TESTABILITY = YES;
				GCC_C_LANGUAGE_STANDARD = gnu11;
				GCC_DYNAMIC_NO_PIC = NO;
				GCC_NO_COMMON_BLOCKS = YES;
				GCC_OPTIMIZATION_LEVEL = 0;
				GCC_PREPROCESSOR_DEFINITIONS = (
					"DEBUG=1",
					"$(inherited)",
				);
				GCC_WARN_64_TO_32_BIT_CONVERSION = YES;
				GCC_WARN_ABOUT_RETURN_TYPE = YES_ERROR;
				GCC_WARN_UNDECLARED_SELECTOR = YES;
				GCC_WARN_UNINITIALIZED_AUTOS = YES_AGGRESSIVE;
				GCC_WARN_UNUSED_FUNCTION = YES;
				GCC_WARN_UNUSED_VARIABLE = YES;
				IPHONEOS_DEPLOYMENT_TARGET = 11.2;
				MTL_ENABLE_DEBUG_INFO = YES;
				ONLY_ACTIVE_ARCH = YES;
				SDKROOT = iphoneos;
				SWIFT_ACTIVE_COMPILATION_CONDITIONS = DEBUG;
				SWIFT_OPTIMIZATION_LEVEL = "-Onone";
			};
			name = Debug;
		};
		98300A2420D1ED3C00D7C4BA /* Release */ = {
			isa = XCBuildConfiguration;
			buildSettings = {
				ALWAYS_SEARCH_USER_PATHS = NO;
				CLANG_ANALYZER_NONNULL = YES;
				CLANG_ANALYZER_NUMBER_OBJECT_CONVERSION = YES_AGGRESSIVE;
				CLANG_CXX_LANGUAGE_STANDARD = "gnu++14";
				CLANG_CXX_LIBRARY = "libc++";
				CLANG_ENABLE_MODULES = YES;
				CLANG_ENABLE_OBJC_ARC = YES;
				CLANG_WARN_BLOCK_CAPTURE_AUTORELEASING = YES;
				CLANG_WARN_BOOL_CONVERSION = YES;
				CLANG_WARN_COMMA = YES;
				CLANG_WARN_CONSTANT_CONVERSION = YES;
				CLANG_WARN_DEPRECATED_OBJC_IMPLEMENTATIONS = YES;
				CLANG_WARN_DIRECT_OBJC_ISA_USAGE = YES_ERROR;
				CLANG_WARN_DOCUMENTATION_COMMENTS = YES;
				CLANG_WARN_EMPTY_BODY = YES;
				CLANG_WARN_ENUM_CONVERSION = YES;
				CLANG_WARN_INFINITE_RECURSION = YES;
				CLANG_WARN_INT_CONVERSION = YES;
				CLANG_WARN_NON_LITERAL_NULL_CONVERSION = YES;
				CLANG_WARN_OBJC_IMPLICIT_RETAIN_SELF = YES;
				CLANG_WARN_OBJC_LITERAL_CONVERSION = YES;
				CLANG_WARN_OBJC_ROOT_CLASS = YES_ERROR;
				CLANG_WARN_RANGE_LOOP_ANALYSIS = YES;
				CLANG_WARN_STRICT_PROTOTYPES = YES;
				CLANG_WARN_SUSPICIOUS_MOVE = YES;
				CLANG_WARN_UNGUARDED_AVAILABILITY = YES_AGGRESSIVE;
				CLANG_WARN_UNREACHABLE_CODE = YES;
				CLANG_WARN__DUPLICATE_METHOD_MATCH = YES;
				CODE_SIGN_IDENTITY = "iPhone Developer";
				COPY_PHASE_STRIP = NO;
				DEBUG_INFORMATION_FORMAT = "dwarf-with-dsym";
				ENABLE_NS_ASSERTIONS = NO;
				ENABLE_STRICT_OBJC_MSGSEND = YES;
				GCC_C_LANGUAGE_STANDARD = gnu11;
				GCC_NO_COMMON_BLOCKS = YES;
				GCC_WARN_64_TO_32_BIT_CONVERSION = YES;
				GCC_WARN_ABOUT_RETURN_TYPE = YES_ERROR;
				GCC_WARN_UNDECLARED_SELECTOR = YES;
				GCC_WARN_UNINITIALIZED_AUTOS = YES_AGGRESSIVE;
				GCC_WARN_UNUSED_FUNCTION = YES;
				GCC_WARN_UNUSED_VARIABLE = YES;
				IPHONEOS_DEPLOYMENT_TARGET = 11.2;
				MTL_ENABLE_DEBUG_INFO = NO;
				SDKROOT = iphoneos;
				SWIFT_OPTIMIZATION_LEVEL = "-Owholemodule";
				VALIDATE_PRODUCT = YES;
			};
			name = Release;
		};
		98300A2620D1ED3C00D7C4BA /* Debug */ = {
			isa = XCBuildConfiguration;
			baseConfigurationReference = 999279DFC7C0E1A1AC287809 /* Pods-double-date.debug.xcconfig */;
			buildSettings = {
				ASSETCATALOG_COMPILER_APPICON_NAME = AppIcon;
				CODE_SIGN_ENTITLEMENTS = "double-date/double-date.entitlements";
				CODE_SIGN_STYLE = Automatic;
				DEVELOPMENT_TEAM = 26Z24PM6F7;
				INFOPLIST_FILE = "double-date/Info.plist";
				LD_RUNPATH_SEARCH_PATHS = "$(inherited) @executable_path/Frameworks";
				PRODUCT_BUNDLE_IDENTIFIER = "clukLabs.double-date";
				PRODUCT_NAME = "$(TARGET_NAME)";
				SWIFT_VERSION = 4.0;
				TARGETED_DEVICE_FAMILY = "1,2";
			};
			name = Debug;
		};
		98300A2720D1ED3C00D7C4BA /* Release */ = {
			isa = XCBuildConfiguration;
			baseConfigurationReference = F51F2B788A4F68569394B3BD /* Pods-double-date.release.xcconfig */;
			buildSettings = {
				ASSETCATALOG_COMPILER_APPICON_NAME = AppIcon;
				CODE_SIGN_ENTITLEMENTS = "double-date/double-date.entitlements";
				CODE_SIGN_STYLE = Automatic;
				DEVELOPMENT_TEAM = 26Z24PM6F7;
				INFOPLIST_FILE = "double-date/Info.plist";
				LD_RUNPATH_SEARCH_PATHS = "$(inherited) @executable_path/Frameworks";
				PRODUCT_BUNDLE_IDENTIFIER = "clukLabs.double-date";
				PRODUCT_NAME = "$(TARGET_NAME)";
				SWIFT_VERSION = 4.0;
				TARGETED_DEVICE_FAMILY = "1,2";
			};
			name = Release;
		};
		98300A2920D1ED3C00D7C4BA /* Debug */ = {
			isa = XCBuildConfiguration;
			buildSettings = {
				ALWAYS_EMBED_SWIFT_STANDARD_LIBRARIES = YES;
				BUNDLE_LOADER = "$(TEST_HOST)";
				CODE_SIGN_STYLE = Automatic;
				DEVELOPMENT_TEAM = 26Z24PM6F7;
				INFOPLIST_FILE = "double-dateTests/Info.plist";
				LD_RUNPATH_SEARCH_PATHS = "$(inherited) @executable_path/Frameworks @loader_path/Frameworks";
				PRODUCT_BUNDLE_IDENTIFIER = "clukLabs.double-dateTests";
				PRODUCT_NAME = "$(TARGET_NAME)";
				SWIFT_VERSION = 4.0;
				TARGETED_DEVICE_FAMILY = "1,2";
				TEST_HOST = "$(BUILT_PRODUCTS_DIR)/double-date.app/double-date";
			};
			name = Debug;
		};
		98300A2A20D1ED3C00D7C4BA /* Release */ = {
			isa = XCBuildConfiguration;
			buildSettings = {
				ALWAYS_EMBED_SWIFT_STANDARD_LIBRARIES = YES;
				BUNDLE_LOADER = "$(TEST_HOST)";
				CODE_SIGN_STYLE = Automatic;
				DEVELOPMENT_TEAM = 26Z24PM6F7;
				INFOPLIST_FILE = "double-dateTests/Info.plist";
				LD_RUNPATH_SEARCH_PATHS = "$(inherited) @executable_path/Frameworks @loader_path/Frameworks";
				PRODUCT_BUNDLE_IDENTIFIER = "clukLabs.double-dateTests";
				PRODUCT_NAME = "$(TARGET_NAME)";
				SWIFT_VERSION = 4.0;
				TARGETED_DEVICE_FAMILY = "1,2";
				TEST_HOST = "$(BUILT_PRODUCTS_DIR)/double-date.app/double-date";
			};
			name = Release;
		};
		98300A2C20D1ED3C00D7C4BA /* Debug */ = {
			isa = XCBuildConfiguration;
			buildSettings = {
				ALWAYS_EMBED_SWIFT_STANDARD_LIBRARIES = YES;
				CODE_SIGN_STYLE = Automatic;
				DEVELOPMENT_TEAM = 26Z24PM6F7;
				INFOPLIST_FILE = "double-dateUITests/Info.plist";
				LD_RUNPATH_SEARCH_PATHS = "$(inherited) @executable_path/Frameworks @loader_path/Frameworks";
				PRODUCT_BUNDLE_IDENTIFIER = "clukLabs.double-dateUITests";
				PRODUCT_NAME = "$(TARGET_NAME)";
				SWIFT_VERSION = 4.0;
				TARGETED_DEVICE_FAMILY = "1,2";
				TEST_TARGET_NAME = "double-date";
			};
			name = Debug;
		};
		98300A2D20D1ED3C00D7C4BA /* Release */ = {
			isa = XCBuildConfiguration;
			buildSettings = {
				ALWAYS_EMBED_SWIFT_STANDARD_LIBRARIES = YES;
				CODE_SIGN_STYLE = Automatic;
				DEVELOPMENT_TEAM = 26Z24PM6F7;
				INFOPLIST_FILE = "double-dateUITests/Info.plist";
				LD_RUNPATH_SEARCH_PATHS = "$(inherited) @executable_path/Frameworks @loader_path/Frameworks";
				PRODUCT_BUNDLE_IDENTIFIER = "clukLabs.double-dateUITests";
				PRODUCT_NAME = "$(TARGET_NAME)";
				SWIFT_VERSION = 4.0;
				TARGETED_DEVICE_FAMILY = "1,2";
				TEST_TARGET_NAME = "double-date";
			};
			name = Release;
		};
/* End XCBuildConfiguration section */

/* Begin XCConfigurationList section */
		983009F820D1ED3C00D7C4BA /* Build configuration list for PBXProject "double-date" */ = {
			isa = XCConfigurationList;
			buildConfigurations = (
				98300A2320D1ED3C00D7C4BA /* Debug */,
				98300A2420D1ED3C00D7C4BA /* Release */,
			);
			defaultConfigurationIsVisible = 0;
			defaultConfigurationName = Release;
		};
		98300A2520D1ED3C00D7C4BA /* Build configuration list for PBXNativeTarget "double-date" */ = {
			isa = XCConfigurationList;
			buildConfigurations = (
				98300A2620D1ED3C00D7C4BA /* Debug */,
				98300A2720D1ED3C00D7C4BA /* Release */,
			);
			defaultConfigurationIsVisible = 0;
			defaultConfigurationName = Release;
		};
		98300A2820D1ED3C00D7C4BA /* Build configuration list for PBXNativeTarget "double-dateTests" */ = {
			isa = XCConfigurationList;
			buildConfigurations = (
				98300A2920D1ED3C00D7C4BA /* Debug */,
				98300A2A20D1ED3C00D7C4BA /* Release */,
			);
			defaultConfigurationIsVisible = 0;
			defaultConfigurationName = Release;
		};
		98300A2B20D1ED3C00D7C4BA /* Build configuration list for PBXNativeTarget "double-dateUITests" */ = {
			isa = XCConfigurationList;
			buildConfigurations = (
				98300A2C20D1ED3C00D7C4BA /* Debug */,
				98300A2D20D1ED3C00D7C4BA /* Release */,
			);
			defaultConfigurationIsVisible = 0;
			defaultConfigurationName = Release;
		};
/* End XCConfigurationList section */
	};
	rootObject = 983009F520D1ED3C00D7C4BA /* Project object */;
}
